// !$*UTF8*$!
{
	archiveVersion = 1;
	classes = {
	};
	objectVersion = 56;
	objects = {

/* Begin PBXBuildFile section */
		10261AFF2BE8FCF2007D1606 /* PostURLView.swift in Sources */ = {isa = PBXBuildFile; fileRef = 10261AFE2BE8FCF2007D1606 /* PostURLView.swift */; };
		10261B012BE93EC4007D1606 /* QRView.swift in Sources */ = {isa = PBXBuildFile; fileRef = 10261B002BE93EC4007D1606 /* QRView.swift */; };
		10261B032BE941C3007D1606 /* RichText.swift in Sources */ = {isa = PBXBuildFile; fileRef = 10261B022BE941C3007D1606 /* RichText.swift */; };
		10261B052BE9427C007D1606 /* GradationBackView.swift in Sources */ = {isa = PBXBuildFile; fileRef = 10261B042BE9427C007D1606 /* GradationBackView.swift */; };
		10261B072BE94520007D1606 /* KiraKiraView.swift in Sources */ = {isa = PBXBuildFile; fileRef = 10261B062BE94520007D1606 /* KiraKiraView.swift */; };
		10261B0A2BE94695007D1606 /* AccountViewModel.swift in Sources */ = {isa = PBXBuildFile; fileRef = 10261B092BE94695007D1606 /* AccountViewModel.swift */; };
		103BF3692BE39C3E00818544 /* FirebaseDatabase in Frameworks */ = {isa = PBXBuildFile; productRef = 103BF3682BE39C3E00818544 /* FirebaseDatabase */; };
		103BF36B2BE39C3E00818544 /* FirebaseDatabaseSwift in Frameworks */ = {isa = PBXBuildFile; productRef = 103BF36A2BE39C3E00818544 /* FirebaseDatabaseSwift */; };
		103BF36D2BE39C3E00818544 /* FirebaseFirestore in Frameworks */ = {isa = PBXBuildFile; productRef = 103BF36C2BE39C3E00818544 /* FirebaseFirestore */; };
		103BF36F2BE39C3E00818544 /* FirebaseFirestoreCombine-Community in Frameworks */ = {isa = PBXBuildFile; productRef = 103BF36E2BE39C3E00818544 /* FirebaseFirestoreCombine-Community */; };
		103BF3712BE39C3E00818544 /* FirebaseFirestoreSwift in Frameworks */ = {isa = PBXBuildFile; productRef = 103BF3702BE39C3E00818544 /* FirebaseFirestoreSwift */; };
		103BF3732BE39C3E00818544 /* FirebaseStorage in Frameworks */ = {isa = PBXBuildFile; productRef = 103BF3722BE39C3E00818544 /* FirebaseStorage */; };
		103BF3752BE39C3E00818544 /* FirebaseStorageCombine-Community in Frameworks */ = {isa = PBXBuildFile; productRef = 103BF3742BE39C3E00818544 /* FirebaseStorageCombine-Community */; };
		103BF37B2BE3B17000818544 /* GoogleService-Info.plist in Resources */ = {isa = PBXBuildFile; fileRef = 103BF37A2BE3B17000818544 /* GoogleService-Info.plist */; };
		10472EE72BDFAFBB00C179F8 /* GitagramApp.swift in Sources */ = {isa = PBXBuildFile; fileRef = 10472EE62BDFAFBB00C179F8 /* GitagramApp.swift */; };
		10472EEB2BDFAFBD00C179F8 /* Assets.xcassets in Resources */ = {isa = PBXBuildFile; fileRef = 10472EEA2BDFAFBD00C179F8 /* Assets.xcassets */; };
		10472EEE2BDFAFBD00C179F8 /* Preview Assets.xcassets in Resources */ = {isa = PBXBuildFile; fileRef = 10472EED2BDFAFBD00C179F8 /* Preview Assets.xcassets */; };
		23B6E52D2BE73C1D0049200B /* ContentView.swift in Sources */ = {isa = PBXBuildFile; fileRef = 23B6E52C2BE73C1D0049200B /* ContentView.swift */; };
		722E84052BE735EA007163D4 /* CardStackView.swift in Sources */ = {isa = PBXBuildFile; fileRef = 722E83F82BE735EA007163D4 /* CardStackView.swift */; };
		722E84062BE735EA007163D4 /* CardView.swift in Sources */ = {isa = PBXBuildFile; fileRef = 722E83F92BE735EA007163D4 /* CardView.swift */; };
		722E84072BE735EA007163D4 /* SwipeActionButtonsView.swift in Sources */ = {isa = PBXBuildFile; fileRef = 722E83FA2BE735EA007163D4 /* SwipeActionButtonsView.swift */; };
		722E84082BE735EA007163D4 /* SwipeActionIndicatorView.swift in Sources */ = {isa = PBXBuildFile; fileRef = 722E83FB2BE735EA007163D4 /* SwipeActionIndicatorView.swift */; };
		722E84092BE735EA007163D4 /* UserInfoView.swift in Sources */ = {isa = PBXBuildFile; fileRef = 722E83FC2BE735EA007163D4 /* UserInfoView.swift */; };
		722E840B2BE735EA007163D4 /* SizeConstants.swift in Sources */ = {isa = PBXBuildFile; fileRef = 722E84002BE735EA007163D4 /* SizeConstants.swift */; };
		722E840C2BE735EA007163D4 /* MatchingView.swift in Sources */ = {isa = PBXBuildFile; fileRef = 722E84022BE735EA007163D4 /* MatchingView.swift */; };
		722E840D2BE735EA007163D4 /* MatchingViewModel.swift in Sources */ = {isa = PBXBuildFile; fileRef = 722E84032BE735EA007163D4 /* MatchingViewModel.swift */; };
		722E84142BE73601007163D4 /* ImagePickerView.swift in Sources */ = {isa = PBXBuildFile; fileRef = 722E840E2BE73601007163D4 /* ImagePickerView.swift */; };
		722E84152BE73601007163D4 /* PostDiscriptionView.swift in Sources */ = {isa = PBXBuildFile; fileRef = 722E84102BE73601007163D4 /* PostDiscriptionView.swift */; };
		722E84162BE73601007163D4 /* PostImageView.swift in Sources */ = {isa = PBXBuildFile; fileRef = 722E84112BE73601007163D4 /* PostImageView.swift */; };
		722E84172BE73601007163D4 /* PostView.swift in Sources */ = {isa = PBXBuildFile; fileRef = 722E84122BE73601007163D4 /* PostView.swift */; };
		722E841B2BE7360C007163D4 /* InputFormView.swift in Sources */ = {isa = PBXBuildFile; fileRef = 722E84182BE7360C007163D4 /* InputFormView.swift */; };
		722E84642BE7365F007163D4 /* DeveloperClient.swift in Sources */ = {isa = PBXBuildFile; fileRef = 722E84392BE7365F007163D4 /* DeveloperClient.swift */; };
		722E84652BE7365F007163D4 /* ProductClient.swift in Sources */ = {isa = PBXBuildFile; fileRef = 722E843B2BE7365F007163D4 /* ProductClient.swift */; };
		722E84662BE7365F007163D4 /* ProductImageClient.swift in Sources */ = {isa = PBXBuildFile; fileRef = 722E843C2BE7365F007163D4 /* ProductImageClient.swift */; };
		722E84672BE7365F007163D4 /* CardDataModel.swift in Sources */ = {isa = PBXBuildFile; fileRef = 722E843F2BE7365F007163D4 /* CardDataModel.swift */; };
		722E84682BE7365F007163D4 /* Developer.swift in Sources */ = {isa = PBXBuildFile; fileRef = 722E84402BE7365F007163D4 /* Developer.swift */; };
		722E84692BE7365F007163D4 /* Product.swift in Sources */ = {isa = PBXBuildFile; fileRef = 722E84412BE7365F007163D4 /* Product.swift */; };
		722E846A2BE7365F007163D4 /* DeveloperRepository.swift in Sources */ = {isa = PBXBuildFile; fileRef = 722E84432BE7365F007163D4 /* DeveloperRepository.swift */; };
		722E846B2BE7365F007163D4 /* ProductImageRepository.swift in Sources */ = {isa = PBXBuildFile; fileRef = 722E84452BE7365F007163D4 /* ProductImageRepository.swift */; };
		722E846C2BE7365F007163D4 /* ProductRepository.swift in Sources */ = {isa = PBXBuildFile; fileRef = 722E84462BE7365F007163D4 /* ProductRepository.swift */; };
		722E846D2BE7365F007163D4 /* DeveloperClientProtocol.swift in Sources */ = {isa = PBXBuildFile; fileRef = 722E84482BE7365F007163D4 /* DeveloperClientProtocol.swift */; };
		722E846E2BE7365F007163D4 /* ProductClientProtocol.swift in Sources */ = {isa = PBXBuildFile; fileRef = 722E84492BE7365F007163D4 /* ProductClientProtocol.swift */; };
		722E846F2BE7365F007163D4 /* ProductImageClientProtocol.swift in Sources */ = {isa = PBXBuildFile; fileRef = 722E844A2BE7365F007163D4 /* ProductImageClientProtocol.swift */; };
		722E84702BE7365F007163D4 /* QRCodeRepository.swift in Sources */ = {isa = PBXBuildFile; fileRef = 722E844C2BE7365F007163D4 /* QRCodeRepository.swift */; };
		722E84712BE7365F007163D4 /* RepositoryDI.swift in Sources */ = {isa = PBXBuildFile; fileRef = 722E844E2BE7365F007163D4 /* RepositoryDI.swift */; };
		722E84722BE7365F007163D4 /* CreateDeveloperUseCase.swift in Sources */ = {isa = PBXBuildFile; fileRef = 722E84502BE7365F007163D4 /* CreateDeveloperUseCase.swift */; };
		722E84732BE7365F007163D4 /* GetQRCodeUseCase.swift in Sources */ = {isa = PBXBuildFile; fileRef = 722E84512BE7365F007163D4 /* GetQRCodeUseCase.swift */; };
		722E84742BE7365F007163D4 /* GetDeveloperUseCase.swift in Sources */ = {isa = PBXBuildFile; fileRef = 722E84522BE7365F007163D4 /* GetDeveloperUseCase.swift */; };
		722E84752BE7365F007163D4 /* GetLoginDeveloperUseCase.swift in Sources */ = {isa = PBXBuildFile; fileRef = 722E84532BE7365F007163D4 /* GetLoginDeveloperUseCase.swift */; };
		722E84762BE7365F007163D4 /* GetProductImageUseCase.swift in Sources */ = {isa = PBXBuildFile; fileRef = 722E84552BE7365F007163D4 /* GetProductImageUseCase.swift */; };
		722E84772BE7365F007163D4 /* GetProductListUseCase.swift in Sources */ = {isa = PBXBuildFile; fileRef = 722E84562BE7365F007163D4 /* GetProductListUseCase.swift */; };
		722E84782BE7365F007163D4 /* PostProductUseCase.swift in Sources */ = {isa = PBXBuildFile; fileRef = 722E84572BE7365F007163D4 /* PostProductUseCase.swift */; };
		722E84792BE7365F007163D4 /* DeveloperImageRepositoryProtocol.swift in Sources */ = {isa = PBXBuildFile; fileRef = 722E84592BE7365F007163D4 /* DeveloperImageRepositoryProtocol.swift */; };
		722E847A2BE7365F007163D4 /* DeveloperRepositoryProtocol.swift in Sources */ = {isa = PBXBuildFile; fileRef = 722E845A2BE7365F007163D4 /* DeveloperRepositoryProtocol.swift */; };
		722E847B2BE7365F007163D4 /* ProductImageRepositoryProtocol.swift in Sources */ = {isa = PBXBuildFile; fileRef = 722E845B2BE7365F007163D4 /* ProductImageRepositoryProtocol.swift */; };
		722E847C2BE7365F007163D4 /* ProductRepositoryProtocol.swift in Sources */ = {isa = PBXBuildFile; fileRef = 722E845C2BE7365F007163D4 /* ProductRepositoryProtocol.swift */; };
		722E847D2BE7365F007163D4 /* QRCodeProtocol.swift in Sources */ = {isa = PBXBuildFile; fileRef = 722E845D2BE7365F007163D4 /* QRCodeProtocol.swift */; };
		722E847E2BE7365F007163D4 /* TakeScreenShotUseCase.swift in Sources */ = {isa = PBXBuildFile; fileRef = 722E845F2BE7365F007163D4 /* TakeScreenShotUseCase.swift */; };
		722E847F2BE7365F007163D4 /* UseCaseDI.swift in Sources */ = {isa = PBXBuildFile; fileRef = 722E84612BE7365F007163D4 /* UseCaseDI.swift */; };
		722E848A2BE73A2A007163D4 /* AccountView.swift in Sources */ = {isa = PBXBuildFile; fileRef = 722E84822BE73A29007163D4 /* AccountView.swift */; };
		722E848B2BE73A2A007163D4 /* KiraKiraViewModel.swift in Sources */ = {isa = PBXBuildFile; fileRef = 722E84842BE73A29007163D4 /* KiraKiraViewModel.swift */; };
		722E848C2BE73A2A007163D4 /* ShareSheet.swift in Sources */ = {isa = PBXBuildFile; fileRef = 722E84852BE73A29007163D4 /* ShareSheet.swift */; };
		722E848D2BE73A2A007163D4 /* StrokeBackground.swift in Sources */ = {isa = PBXBuildFile; fileRef = 722E84862BE73A29007163D4 /* StrokeBackground.swift */; };
		722E84902BE73A42007163D4 /* HomeView.swift in Sources */ = {isa = PBXBuildFile; fileRef = 722E848E2BE73A42007163D4 /* HomeView.swift */; };
		72B3DB412BF2F928008BE7F9 /* HashTagView.swift in Sources */ = {isa = PBXBuildFile; fileRef = 72B3DB402BF2F928008BE7F9 /* HashTagView.swift */; };
/* End PBXBuildFile section */

/* Begin PBXFileReference section */
		10261AFE2BE8FCF2007D1606 /* PostURLView.swift */ = {isa = PBXFileReference; fileEncoding = 4; lastKnownFileType = sourcecode.swift; path = PostURLView.swift; sourceTree = "<group>"; };
		10261B002BE93EC4007D1606 /* QRView.swift */ = {isa = PBXFileReference; lastKnownFileType = sourcecode.swift; path = QRView.swift; sourceTree = "<group>"; };
		10261B022BE941C3007D1606 /* RichText.swift */ = {isa = PBXFileReference; lastKnownFileType = sourcecode.swift; path = RichText.swift; sourceTree = "<group>"; };
		10261B042BE9427C007D1606 /* GradationBackView.swift */ = {isa = PBXFileReference; lastKnownFileType = sourcecode.swift; path = GradationBackView.swift; sourceTree = "<group>"; };
		10261B062BE94520007D1606 /* KiraKiraView.swift */ = {isa = PBXFileReference; lastKnownFileType = sourcecode.swift; path = KiraKiraView.swift; sourceTree = "<group>"; };
		10261B092BE94695007D1606 /* AccountViewModel.swift */ = {isa = PBXFileReference; lastKnownFileType = sourcecode.swift; path = AccountViewModel.swift; sourceTree = "<group>"; };
		103BF37A2BE3B17000818544 /* GoogleService-Info.plist */ = {isa = PBXFileReference; fileEncoding = 4; lastKnownFileType = text.plist.xml; path = "GoogleService-Info.plist"; sourceTree = "<group>"; };
		10472EE32BDFAFBB00C179F8 /* Gitagram.app */ = {isa = PBXFileReference; explicitFileType = wrapper.application; includeInIndex = 0; path = Gitagram.app; sourceTree = BUILT_PRODUCTS_DIR; };
		10472EE62BDFAFBB00C179F8 /* GitagramApp.swift */ = {isa = PBXFileReference; lastKnownFileType = sourcecode.swift; path = GitagramApp.swift; sourceTree = "<group>"; };
		10472EEA2BDFAFBD00C179F8 /* Assets.xcassets */ = {isa = PBXFileReference; lastKnownFileType = folder.assetcatalog; path = Assets.xcassets; sourceTree = "<group>"; };
		10472EED2BDFAFBD00C179F8 /* Preview Assets.xcassets */ = {isa = PBXFileReference; lastKnownFileType = folder.assetcatalog; path = "Preview Assets.xcassets"; sourceTree = "<group>"; };
		23B6E52C2BE73C1D0049200B /* ContentView.swift */ = {isa = PBXFileReference; lastKnownFileType = sourcecode.swift; path = ContentView.swift; sourceTree = "<group>"; };
		23B6E52E2BE7540F0049200B /* Info.plist */ = {isa = PBXFileReference; lastKnownFileType = text.plist.xml; path = Info.plist; sourceTree = "<group>"; };
		722E83F82BE735EA007163D4 /* CardStackView.swift */ = {isa = PBXFileReference; fileEncoding = 4; lastKnownFileType = sourcecode.swift; path = CardStackView.swift; sourceTree = "<group>"; };
		722E83F92BE735EA007163D4 /* CardView.swift */ = {isa = PBXFileReference; fileEncoding = 4; lastKnownFileType = sourcecode.swift; path = CardView.swift; sourceTree = "<group>"; };
		722E83FA2BE735EA007163D4 /* SwipeActionButtonsView.swift */ = {isa = PBXFileReference; fileEncoding = 4; lastKnownFileType = sourcecode.swift; path = SwipeActionButtonsView.swift; sourceTree = "<group>"; };
		722E83FB2BE735EA007163D4 /* SwipeActionIndicatorView.swift */ = {isa = PBXFileReference; fileEncoding = 4; lastKnownFileType = sourcecode.swift; path = SwipeActionIndicatorView.swift; sourceTree = "<group>"; };
		722E83FC2BE735EA007163D4 /* UserInfoView.swift */ = {isa = PBXFileReference; fileEncoding = 4; lastKnownFileType = sourcecode.swift; path = UserInfoView.swift; sourceTree = "<group>"; };
		722E84002BE735EA007163D4 /* SizeConstants.swift */ = {isa = PBXFileReference; fileEncoding = 4; lastKnownFileType = sourcecode.swift; path = SizeConstants.swift; sourceTree = "<group>"; };
		722E84022BE735EA007163D4 /* MatchingView.swift */ = {isa = PBXFileReference; fileEncoding = 4; lastKnownFileType = sourcecode.swift; path = MatchingView.swift; sourceTree = "<group>"; };
		722E84032BE735EA007163D4 /* MatchingViewModel.swift */ = {isa = PBXFileReference; fileEncoding = 4; lastKnownFileType = sourcecode.swift; path = MatchingViewModel.swift; sourceTree = "<group>"; };
		722E840E2BE73601007163D4 /* ImagePickerView.swift */ = {isa = PBXFileReference; fileEncoding = 4; lastKnownFileType = sourcecode.swift; path = ImagePickerView.swift; sourceTree = "<group>"; };
		722E84102BE73601007163D4 /* PostDiscriptionView.swift */ = {isa = PBXFileReference; fileEncoding = 4; lastKnownFileType = sourcecode.swift; path = PostDiscriptionView.swift; sourceTree = "<group>"; };
		722E84112BE73601007163D4 /* PostImageView.swift */ = {isa = PBXFileReference; fileEncoding = 4; lastKnownFileType = sourcecode.swift; path = PostImageView.swift; sourceTree = "<group>"; };
		722E84122BE73601007163D4 /* PostView.swift */ = {isa = PBXFileReference; fileEncoding = 4; lastKnownFileType = sourcecode.swift; path = PostView.swift; sourceTree = "<group>"; };
		722E84182BE7360C007163D4 /* InputFormView.swift */ = {isa = PBXFileReference; fileEncoding = 4; lastKnownFileType = sourcecode.swift; path = InputFormView.swift; sourceTree = "<group>"; };
		722E841C2BE73614007163D4 /* frankfrt.ttf */ = {isa = PBXFileReference; lastKnownFileType = file; path = frankfrt.ttf; sourceTree = "<group>"; };
		722E84392BE7365F007163D4 /* DeveloperClient.swift */ = {isa = PBXFileReference; fileEncoding = 4; lastKnownFileType = sourcecode.swift; path = DeveloperClient.swift; sourceTree = "<group>"; };
		722E843B2BE7365F007163D4 /* ProductClient.swift */ = {isa = PBXFileReference; fileEncoding = 4; lastKnownFileType = sourcecode.swift; path = ProductClient.swift; sourceTree = "<group>"; };
		722E843C2BE7365F007163D4 /* ProductImageClient.swift */ = {isa = PBXFileReference; fileEncoding = 4; lastKnownFileType = sourcecode.swift; path = ProductImageClient.swift; sourceTree = "<group>"; };
		722E843F2BE7365F007163D4 /* CardDataModel.swift */ = {isa = PBXFileReference; fileEncoding = 4; lastKnownFileType = sourcecode.swift; path = CardDataModel.swift; sourceTree = "<group>"; };
		722E84402BE7365F007163D4 /* Developer.swift */ = {isa = PBXFileReference; fileEncoding = 4; lastKnownFileType = sourcecode.swift; path = Developer.swift; sourceTree = "<group>"; };
		722E84412BE7365F007163D4 /* Product.swift */ = {isa = PBXFileReference; fileEncoding = 4; lastKnownFileType = sourcecode.swift; path = Product.swift; sourceTree = "<group>"; };
		722E84432BE7365F007163D4 /* DeveloperRepository.swift */ = {isa = PBXFileReference; fileEncoding = 4; lastKnownFileType = sourcecode.swift; path = DeveloperRepository.swift; sourceTree = "<group>"; };
		722E84452BE7365F007163D4 /* ProductImageRepository.swift */ = {isa = PBXFileReference; fileEncoding = 4; lastKnownFileType = sourcecode.swift; path = ProductImageRepository.swift; sourceTree = "<group>"; };
		722E84462BE7365F007163D4 /* ProductRepository.swift */ = {isa = PBXFileReference; fileEncoding = 4; lastKnownFileType = sourcecode.swift; path = ProductRepository.swift; sourceTree = "<group>"; };
		722E84482BE7365F007163D4 /* DeveloperClientProtocol.swift */ = {isa = PBXFileReference; fileEncoding = 4; lastKnownFileType = sourcecode.swift; path = DeveloperClientProtocol.swift; sourceTree = "<group>"; };
		722E84492BE7365F007163D4 /* ProductClientProtocol.swift */ = {isa = PBXFileReference; fileEncoding = 4; lastKnownFileType = sourcecode.swift; path = ProductClientProtocol.swift; sourceTree = "<group>"; };
		722E844A2BE7365F007163D4 /* ProductImageClientProtocol.swift */ = {isa = PBXFileReference; fileEncoding = 4; lastKnownFileType = sourcecode.swift; path = ProductImageClientProtocol.swift; sourceTree = "<group>"; };
		722E844C2BE7365F007163D4 /* QRCodeRepository.swift */ = {isa = PBXFileReference; fileEncoding = 4; lastKnownFileType = sourcecode.swift; path = QRCodeRepository.swift; sourceTree = "<group>"; };
		722E844E2BE7365F007163D4 /* RepositoryDI.swift */ = {isa = PBXFileReference; fileEncoding = 4; lastKnownFileType = sourcecode.swift; path = RepositoryDI.swift; sourceTree = "<group>"; };
		722E84502BE7365F007163D4 /* CreateDeveloperUseCase.swift */ = {isa = PBXFileReference; fileEncoding = 4; lastKnownFileType = sourcecode.swift; path = CreateDeveloperUseCase.swift; sourceTree = "<group>"; };
		722E84512BE7365F007163D4 /* GetQRCodeUseCase.swift */ = {isa = PBXFileReference; fileEncoding = 4; lastKnownFileType = sourcecode.swift; path = GetQRCodeUseCase.swift; sourceTree = "<group>"; };
		722E84522BE7365F007163D4 /* GetDeveloperUseCase.swift */ = {isa = PBXFileReference; fileEncoding = 4; lastKnownFileType = sourcecode.swift; path = GetDeveloperUseCase.swift; sourceTree = "<group>"; };
		722E84532BE7365F007163D4 /* GetLoginDeveloperUseCase.swift */ = {isa = PBXFileReference; fileEncoding = 4; lastKnownFileType = sourcecode.swift; path = GetLoginDeveloperUseCase.swift; sourceTree = "<group>"; };
		722E84552BE7365F007163D4 /* GetProductImageUseCase.swift */ = {isa = PBXFileReference; fileEncoding = 4; lastKnownFileType = sourcecode.swift; path = GetProductImageUseCase.swift; sourceTree = "<group>"; };
		722E84562BE7365F007163D4 /* GetProductListUseCase.swift */ = {isa = PBXFileReference; fileEncoding = 4; lastKnownFileType = sourcecode.swift; path = GetProductListUseCase.swift; sourceTree = "<group>"; };
		722E84572BE7365F007163D4 /* PostProductUseCase.swift */ = {isa = PBXFileReference; fileEncoding = 4; lastKnownFileType = sourcecode.swift; path = PostProductUseCase.swift; sourceTree = "<group>"; };
		722E84592BE7365F007163D4 /* DeveloperImageRepositoryProtocol.swift */ = {isa = PBXFileReference; fileEncoding = 4; lastKnownFileType = sourcecode.swift; path = DeveloperImageRepositoryProtocol.swift; sourceTree = "<group>"; };
		722E845A2BE7365F007163D4 /* DeveloperRepositoryProtocol.swift */ = {isa = PBXFileReference; fileEncoding = 4; lastKnownFileType = sourcecode.swift; path = DeveloperRepositoryProtocol.swift; sourceTree = "<group>"; };
		722E845B2BE7365F007163D4 /* ProductImageRepositoryProtocol.swift */ = {isa = PBXFileReference; fileEncoding = 4; lastKnownFileType = sourcecode.swift; path = ProductImageRepositoryProtocol.swift; sourceTree = "<group>"; };
		722E845C2BE7365F007163D4 /* ProductRepositoryProtocol.swift */ = {isa = PBXFileReference; fileEncoding = 4; lastKnownFileType = sourcecode.swift; path = ProductRepositoryProtocol.swift; sourceTree = "<group>"; };
		722E845D2BE7365F007163D4 /* QRCodeProtocol.swift */ = {isa = PBXFileReference; fileEncoding = 4; lastKnownFileType = sourcecode.swift; path = QRCodeProtocol.swift; sourceTree = "<group>"; };
		722E845F2BE7365F007163D4 /* TakeScreenShotUseCase.swift */ = {isa = PBXFileReference; fileEncoding = 4; lastKnownFileType = sourcecode.swift; path = TakeScreenShotUseCase.swift; sourceTree = "<group>"; };
		722E84612BE7365F007163D4 /* UseCaseDI.swift */ = {isa = PBXFileReference; fileEncoding = 4; lastKnownFileType = sourcecode.swift; path = UseCaseDI.swift; sourceTree = "<group>"; };
		722E84822BE73A29007163D4 /* AccountView.swift */ = {isa = PBXFileReference; fileEncoding = 4; lastKnownFileType = sourcecode.swift; path = AccountView.swift; sourceTree = "<group>"; };
		722E84842BE73A29007163D4 /* KiraKiraViewModel.swift */ = {isa = PBXFileReference; fileEncoding = 4; lastKnownFileType = sourcecode.swift; path = KiraKiraViewModel.swift; sourceTree = "<group>"; };
		722E84852BE73A29007163D4 /* ShareSheet.swift */ = {isa = PBXFileReference; fileEncoding = 4; lastKnownFileType = sourcecode.swift; path = ShareSheet.swift; sourceTree = "<group>"; };
		722E84862BE73A29007163D4 /* StrokeBackground.swift */ = {isa = PBXFileReference; fileEncoding = 4; lastKnownFileType = sourcecode.swift; path = StrokeBackground.swift; sourceTree = "<group>"; };
		722E848E2BE73A42007163D4 /* HomeView.swift */ = {isa = PBXFileReference; fileEncoding = 4; lastKnownFileType = sourcecode.swift; path = HomeView.swift; sourceTree = "<group>"; };
		72B3DB402BF2F928008BE7F9 /* HashTagView.swift */ = {isa = PBXFileReference; lastKnownFileType = sourcecode.swift; path = HashTagView.swift; sourceTree = "<group>"; };
/* End PBXFileReference section */

/* Begin PBXFrameworksBuildPhase section */
		10472EE02BDFAFBB00C179F8 /* Frameworks */ = {
			isa = PBXFrameworksBuildPhase;
			buildActionMask = 2147483647;
			files = (
				103BF3712BE39C3E00818544 /* FirebaseFirestoreSwift in Frameworks */,
				103BF3752BE39C3E00818544 /* FirebaseStorageCombine-Community in Frameworks */,
				103BF36B2BE39C3E00818544 /* FirebaseDatabaseSwift in Frameworks */,
				103BF36F2BE39C3E00818544 /* FirebaseFirestoreCombine-Community in Frameworks */,
				103BF3692BE39C3E00818544 /* FirebaseDatabase in Frameworks */,
				103BF36D2BE39C3E00818544 /* FirebaseFirestore in Frameworks */,
				103BF3732BE39C3E00818544 /* FirebaseStorage in Frameworks */,
			);
			runOnlyForDeploymentPostprocessing = 0;
		};
/* End PBXFrameworksBuildPhase section */

/* Begin PBXGroup section */
		10177A332BFA13EF00BA6078 /* Entity */ = {
			isa = PBXGroup;
			children = (
				722E843F2BE7365F007163D4 /* CardDataModel.swift */,
				722E84402BE7365F007163D4 /* Developer.swift */,
				722E84412BE7365F007163D4 /* Product.swift */,
			);
			path = Entity;
			sourceTree = "<group>";
		};
		10261B082BE94625007D1606 /* KiraKira */ = {
			isa = PBXGroup;
			children = (
				10261B062BE94520007D1606 /* KiraKiraView.swift */,
				722E84842BE73A29007163D4 /* KiraKiraViewModel.swift */,
			);
			path = KiraKira;
			sourceTree = "<group>";
		};
		10472EDA2BDFAFBB00C179F8 = {
			isa = PBXGroup;
			children = (
				10472EE52BDFAFBB00C179F8 /* Gitagram */,
				10472EE42BDFAFBB00C179F8 /* Products */,
			);
			sourceTree = "<group>";
		};
		10472EE42BDFAFBB00C179F8 /* Products */ = {
			isa = PBXGroup;
			children = (
				10472EE32BDFAFBB00C179F8 /* Gitagram.app */,
			);
			name = Products;
			sourceTree = "<group>";
		};
		10472EE52BDFAFBB00C179F8 /* Gitagram */ = {
			isa = PBXGroup;
			children = (
				23B6E52E2BE7540F0049200B /* Info.plist */,
				103BF37A2BE3B17000818544 /* GoogleService-Info.plist */,
				10472EE62BDFAFBB00C179F8 /* GitagramApp.swift */,
				722E84632BE7365F007163D4 /* Model */,
				10472EF42BDFAFD700C179F8 /* View */,
				10472EEA2BDFAFBD00C179F8 /* Assets.xcassets */,
				10472EEC2BDFAFBD00C179F8 /* Preview Content */,
			);
			path = Gitagram;
			sourceTree = "<group>";
		};
		10472EEC2BDFAFBD00C179F8 /* Preview Content */ = {
			isa = PBXGroup;
			children = (
				10472EED2BDFAFBD00C179F8 /* Preview Assets.xcassets */,
			);
			path = "Preview Content";
			sourceTree = "<group>";
		};
		10472EF42BDFAFD700C179F8 /* View */ = {
			isa = PBXGroup;
			children = (
				722E841C2BE73614007163D4 /* frankfrt.ttf */,
				23B6E52C2BE73C1D0049200B /* ContentView.swift */,
				722E84882BE73A29007163D4 /* AccountView */,
				722E848F2BE73A42007163D4 /* HomeView */,
				722E841A2BE7360C007163D4 /* InputformView */,
				722E84132BE73601007163D4 /* PostView */,
				722E84042BE735EA007163D4 /* MatchingView */,
			);
			path = View;
			sourceTree = "<group>";
		};
		722E83FD2BE735EA007163D4 /* Component */ = {
			isa = PBXGroup;
			children = (
				722E83F82BE735EA007163D4 /* CardStackView.swift */,
				722E83F92BE735EA007163D4 /* CardView.swift */,
				722E83FA2BE735EA007163D4 /* SwipeActionButtonsView.swift */,
				722E83FB2BE735EA007163D4 /* SwipeActionIndicatorView.swift */,
				722E83FC2BE735EA007163D4 /* UserInfoView.swift */,
				72B3DB402BF2F928008BE7F9 /* HashTagView.swift */,
			);
			path = Component;
			sourceTree = "<group>";
		};
		722E84012BE735EA007163D4 /* Utils */ = {
			isa = PBXGroup;
			children = (
				722E84002BE735EA007163D4 /* SizeConstants.swift */,
			);
			path = Utils;
			sourceTree = "<group>";
		};
		722E84042BE735EA007163D4 /* MatchingView */ = {
			isa = PBXGroup;
			children = (
				722E83FD2BE735EA007163D4 /* Component */,
				722E84012BE735EA007163D4 /* Utils */,
				722E84022BE735EA007163D4 /* MatchingView.swift */,
				722E84032BE735EA007163D4 /* MatchingViewModel.swift */,
			);
			path = MatchingView;
			sourceTree = "<group>";
		};
		722E840F2BE73601007163D4 /* Component */ = {
			isa = PBXGroup;
			children = (
				722E840E2BE73601007163D4 /* ImagePickerView.swift */,
			);
			path = Component;
			sourceTree = "<group>";
		};
		722E84132BE73601007163D4 /* PostView */ = {
			isa = PBXGroup;
			children = (
				10261AFE2BE8FCF2007D1606 /* PostURLView.swift */,
				722E840F2BE73601007163D4 /* Component */,
				722E84102BE73601007163D4 /* PostDiscriptionView.swift */,
				722E84112BE73601007163D4 /* PostImageView.swift */,
				722E84122BE73601007163D4 /* PostView.swift */,
			);
			path = PostView;
			sourceTree = "<group>";
		};
		722E841A2BE7360C007163D4 /* InputformView */ = {
			isa = PBXGroup;
			children = (
				722E84182BE7360C007163D4 /* InputFormView.swift */,
			);
			path = InputformView;
			sourceTree = "<group>";
		};
		722E843A2BE7365F007163D4 /* Developer */ = {
			isa = PBXGroup;
			children = (
				722E84392BE7365F007163D4 /* DeveloperClient.swift */,
			);
			path = Developer;
			sourceTree = "<group>";
		};
		722E843D2BE7365F007163D4 /* Product */ = {
			isa = PBXGroup;
			children = (
				722E843B2BE7365F007163D4 /* ProductClient.swift */,
				722E843C2BE7365F007163D4 /* ProductImageClient.swift */,
			);
			path = Product;
			sourceTree = "<group>";
		};
		722E843E2BE7365F007163D4 /* Client */ = {
			isa = PBXGroup;
			children = (
				722E843A2BE7365F007163D4 /* Developer */,
				722E843D2BE7365F007163D4 /* Product */,
			);
			path = Client;
			sourceTree = "<group>";
		};
		722E84422BE7365F007163D4 /* DataModel */ = {
			isa = PBXGroup;
			children = (
				10177A332BFA13EF00BA6078 /* Entity */,
			);
			path = DataModel;
			sourceTree = "<group>";
		};
		722E84442BE7365F007163D4 /* Developer */ = {
			isa = PBXGroup;
			children = (
				722E84432BE7365F007163D4 /* DeveloperRepository.swift */,
			);
			path = Developer;
			sourceTree = "<group>";
		};
		722E84472BE7365F007163D4 /* Product */ = {
			isa = PBXGroup;
			children = (
				722E84452BE7365F007163D4 /* ProductImageRepository.swift */,
				722E84462BE7365F007163D4 /* ProductRepository.swift */,
			);
			path = Product;
			sourceTree = "<group>";
		};
		722E844B2BE7365F007163D4 /* Protocol */ = {
			isa = PBXGroup;
			children = (
				722E84482BE7365F007163D4 /* DeveloperClientProtocol.swift */,
				722E84492BE7365F007163D4 /* ProductClientProtocol.swift */,
				722E844A2BE7365F007163D4 /* ProductImageClientProtocol.swift */,
			);
			path = Protocol;
			sourceTree = "<group>";
		};
		722E844D2BE7365F007163D4 /* QRCode */ = {
			isa = PBXGroup;
			children = (
				722E844C2BE7365F007163D4 /* QRCodeRepository.swift */,
			);
			path = QRCode;
			sourceTree = "<group>";
		};
		722E844F2BE7365F007163D4 /* Repository */ = {
			isa = PBXGroup;
			children = (
				722E84442BE7365F007163D4 /* Developer */,
				722E84472BE7365F007163D4 /* Product */,
				722E844B2BE7365F007163D4 /* Protocol */,
				722E844D2BE7365F007163D4 /* QRCode */,
				722E844E2BE7365F007163D4 /* RepositoryDI.swift */,
			);
			path = Repository;
			sourceTree = "<group>";
		};
		722E84542BE7365F007163D4 /* Developer */ = {
			isa = PBXGroup;
			children = (
				722E84502BE7365F007163D4 /* CreateDeveloperUseCase.swift */,
				722E84512BE7365F007163D4 /* GetQRCodeUseCase.swift */,
				722E84522BE7365F007163D4 /* GetDeveloperUseCase.swift */,
				722E84532BE7365F007163D4 /* GetLoginDeveloperUseCase.swift */,
			);
			path = Developer;
			sourceTree = "<group>";
		};
		722E84582BE7365F007163D4 /* Product */ = {
			isa = PBXGroup;
			children = (
				722E84552BE7365F007163D4 /* GetProductImageUseCase.swift */,
				722E84562BE7365F007163D4 /* GetProductListUseCase.swift */,
				722E84572BE7365F007163D4 /* PostProductUseCase.swift */,
			);
			path = Product;
			sourceTree = "<group>";
		};
		722E845E2BE7365F007163D4 /* Protocol */ = {
			isa = PBXGroup;
			children = (
				722E84592BE7365F007163D4 /* DeveloperImageRepositoryProtocol.swift */,
				722E845A2BE7365F007163D4 /* DeveloperRepositoryProtocol.swift */,
				722E845B2BE7365F007163D4 /* ProductImageRepositoryProtocol.swift */,
				722E845C2BE7365F007163D4 /* ProductRepositoryProtocol.swift */,
				722E845D2BE7365F007163D4 /* QRCodeProtocol.swift */,
			);
			path = Protocol;
			sourceTree = "<group>";
		};
		722E84602BE7365F007163D4 /* Util */ = {
			isa = PBXGroup;
			children = (
				722E845F2BE7365F007163D4 /* TakeScreenShotUseCase.swift */,
			);
			path = Util;
			sourceTree = "<group>";
		};
		722E84622BE7365F007163D4 /* UseCase */ = {
			isa = PBXGroup;
			children = (
				722E84542BE7365F007163D4 /* Developer */,
				722E84582BE7365F007163D4 /* Product */,
				722E845E2BE7365F007163D4 /* Protocol */,
				722E84602BE7365F007163D4 /* Util */,
				722E84612BE7365F007163D4 /* UseCaseDI.swift */,
			);
			path = UseCase;
			sourceTree = "<group>";
		};
		722E84632BE7365F007163D4 /* Model */ = {
			isa = PBXGroup;
			children = (
				722E843E2BE7365F007163D4 /* Client */,
				722E84422BE7365F007163D4 /* DataModel */,
				722E844F2BE7365F007163D4 /* Repository */,
				722E84622BE7365F007163D4 /* UseCase */,
			);
			path = Model;
			sourceTree = "<group>";
		};
		722E84832BE73A29007163D4 /* Component */ = {
			isa = PBXGroup;
			children = (
				722E84862BE73A29007163D4 /* StrokeBackground.swift */,
				722E84852BE73A29007163D4 /* ShareSheet.swift */,
				10261B002BE93EC4007D1606 /* QRView.swift */,
				10261B022BE941C3007D1606 /* RichText.swift */,
				10261B042BE9427C007D1606 /* GradationBackView.swift */,
			);
			path = Component;
			sourceTree = "<group>";
		};
		722E84882BE73A29007163D4 /* AccountView */ = {
			isa = PBXGroup;
			children = (
				722E84822BE73A29007163D4 /* AccountView.swift */,
				10261B092BE94695007D1606 /* AccountViewModel.swift */,
				10261B082BE94625007D1606 /* KiraKira */,
				722E84832BE73A29007163D4 /* Component */,
			);
			path = AccountView;
			sourceTree = "<group>";
		};
		722E848F2BE73A42007163D4 /* HomeView */ = {
			isa = PBXGroup;
			children = (
				722E848E2BE73A42007163D4 /* HomeView.swift */,
			);
			path = HomeView;
			sourceTree = "<group>";
		};
/* End PBXGroup section */

/* Begin PBXNativeTarget section */
		10472EE22BDFAFBB00C179F8 /* Gitagram */ = {
			isa = PBXNativeTarget;
			buildConfigurationList = 10472EF12BDFAFBD00C179F8 /* Build configuration list for PBXNativeTarget "Gitagram" */;
			buildPhases = (
				10472EDF2BDFAFBB00C179F8 /* Sources */,
				10472EE02BDFAFBB00C179F8 /* Frameworks */,
				10472EE12BDFAFBB00C179F8 /* Resources */,
			);
			buildRules = (
			);
			dependencies = (
			);
			name = Gitagram;
			packageProductDependencies = (
				103BF3682BE39C3E00818544 /* FirebaseDatabase */,
				103BF36A2BE39C3E00818544 /* FirebaseDatabaseSwift */,
				103BF36C2BE39C3E00818544 /* FirebaseFirestore */,
				103BF36E2BE39C3E00818544 /* FirebaseFirestoreCombine-Community */,
				103BF3702BE39C3E00818544 /* FirebaseFirestoreSwift */,
				103BF3722BE39C3E00818544 /* FirebaseStorage */,
				103BF3742BE39C3E00818544 /* FirebaseStorageCombine-Community */,
			);
			productName = Gitagram;
			productReference = 10472EE32BDFAFBB00C179F8 /* Gitagram.app */;
			productType = "com.apple.product-type.application";
		};
/* End PBXNativeTarget section */

/* Begin PBXProject section */
		10472EDB2BDFAFBB00C179F8 /* Project object */ = {
			isa = PBXProject;
			attributes = {
				BuildIndependentTargetsInParallel = 1;
				LastSwiftUpdateCheck = 1530;
				LastUpgradeCheck = 1530;
				TargetAttributes = {
					10472EE22BDFAFBB00C179F8 = {
						CreatedOnToolsVersion = 15.3;
					};
				};
			};
			buildConfigurationList = 10472EDE2BDFAFBB00C179F8 /* Build configuration list for PBXProject "Gitagram" */;
			compatibilityVersion = "Xcode 14.0";
			developmentRegion = en;
			hasScannedForEncodings = 0;
			knownRegions = (
				en,
				Base,
			);
			mainGroup = 10472EDA2BDFAFBB00C179F8;
			packageReferences = (
				103BF3672BE39C3E00818544 /* XCRemoteSwiftPackageReference "firebase-ios-sdk" */,
			);
			productRefGroup = 10472EE42BDFAFBB00C179F8 /* Products */;
			projectDirPath = "";
			projectRoot = "";
			targets = (
				10472EE22BDFAFBB00C179F8 /* Gitagram */,
			);
		};
/* End PBXProject section */

/* Begin PBXResourcesBuildPhase section */
		10472EE12BDFAFBB00C179F8 /* Resources */ = {
			isa = PBXResourcesBuildPhase;
			buildActionMask = 2147483647;
			files = (
				10472EEE2BDFAFBD00C179F8 /* Preview Assets.xcassets in Resources */,
				10472EEB2BDFAFBD00C179F8 /* Assets.xcassets in Resources */,
				103BF37B2BE3B17000818544 /* GoogleService-Info.plist in Resources */,
			);
			runOnlyForDeploymentPostprocessing = 0;
		};
/* End PBXResourcesBuildPhase section */

/* Begin PBXSourcesBuildPhase section */
		10472EDF2BDFAFBB00C179F8 /* Sources */ = {
			isa = PBXSourcesBuildPhase;
			buildActionMask = 2147483647;
			files = (
				722E84792BE7365F007163D4 /* DeveloperImageRepositoryProtocol.swift in Sources */,
				10261B012BE93EC4007D1606 /* QRView.swift in Sources */,
				722E846F2BE7365F007163D4 /* ProductImageClientProtocol.swift in Sources */,
				722E84702BE7365F007163D4 /* QRCodeRepository.swift in Sources */,
				722E840D2BE735EA007163D4 /* MatchingViewModel.swift in Sources */,
				72B3DB412BF2F928008BE7F9 /* HashTagView.swift in Sources */,
				722E84752BE7365F007163D4 /* GetLoginDeveloperUseCase.swift in Sources */,
				722E84732BE7365F007163D4 /* GetQRCodeUseCase.swift in Sources */,
				722E84682BE7365F007163D4 /* Developer.swift in Sources */,
				722E84062BE735EA007163D4 /* CardView.swift in Sources */,
				10261B052BE9427C007D1606 /* GradationBackView.swift in Sources */,
				722E846E2BE7365F007163D4 /* ProductClientProtocol.swift in Sources */,
				722E847C2BE7365F007163D4 /* ProductRepositoryProtocol.swift in Sources */,
				722E84172BE73601007163D4 /* PostView.swift in Sources */,
				722E84762BE7365F007163D4 /* GetProductImageUseCase.swift in Sources */,
				722E84072BE735EA007163D4 /* SwipeActionButtonsView.swift in Sources */,
				722E84142BE73601007163D4 /* ImagePickerView.swift in Sources */,
				10261B0A2BE94695007D1606 /* AccountViewModel.swift in Sources */,
				722E846B2BE7365F007163D4 /* ProductImageRepository.swift in Sources */,
				10261B072BE94520007D1606 /* KiraKiraView.swift in Sources */,
				722E847E2BE7365F007163D4 /* TakeScreenShotUseCase.swift in Sources */,
				722E84642BE7365F007163D4 /* DeveloperClient.swift in Sources */,
				722E84092BE735EA007163D4 /* UserInfoView.swift in Sources */,
				10472EE72BDFAFBB00C179F8 /* GitagramApp.swift in Sources */,
				722E84052BE735EA007163D4 /* CardStackView.swift in Sources */,
				722E847D2BE7365F007163D4 /* QRCodeProtocol.swift in Sources */,
				10261AFF2BE8FCF2007D1606 /* PostURLView.swift in Sources */,
				722E840C2BE735EA007163D4 /* MatchingView.swift in Sources */,
				722E847B2BE7365F007163D4 /* ProductImageRepositoryProtocol.swift in Sources */,
				722E848A2BE73A2A007163D4 /* AccountView.swift in Sources */,
				722E84772BE7365F007163D4 /* GetProductListUseCase.swift in Sources */,
				722E841B2BE7360C007163D4 /* InputFormView.swift in Sources */,
				722E840B2BE735EA007163D4 /* SizeConstants.swift in Sources */,
				722E84082BE735EA007163D4 /* SwipeActionIndicatorView.swift in Sources */,
				722E84162BE73601007163D4 /* PostImageView.swift in Sources */,
				722E847F2BE7365F007163D4 /* UseCaseDI.swift in Sources */,
				722E84782BE7365F007163D4 /* PostProductUseCase.swift in Sources */,
				722E84722BE7365F007163D4 /* CreateDeveloperUseCase.swift in Sources */,
				722E846A2BE7365F007163D4 /* DeveloperRepository.swift in Sources */,
				722E848B2BE73A2A007163D4 /* KiraKiraViewModel.swift in Sources */,
				722E84742BE7365F007163D4 /* GetDeveloperUseCase.swift in Sources */,
				722E84712BE7365F007163D4 /* RepositoryDI.swift in Sources */,
				722E848C2BE73A2A007163D4 /* ShareSheet.swift in Sources */,
				10261B032BE941C3007D1606 /* RichText.swift in Sources */,
				722E84672BE7365F007163D4 /* CardDataModel.swift in Sources */,
				722E846D2BE7365F007163D4 /* DeveloperClientProtocol.swift in Sources */,
				722E84152BE73601007163D4 /* PostDiscriptionView.swift in Sources */,
				722E846C2BE7365F007163D4 /* ProductRepository.swift in Sources */,
				722E84662BE7365F007163D4 /* ProductImageClient.swift in Sources */,
				23B6E52D2BE73C1D0049200B /* ContentView.swift in Sources */,
				722E847A2BE7365F007163D4 /* DeveloperRepositoryProtocol.swift in Sources */,
				722E84902BE73A42007163D4 /* HomeView.swift in Sources */,
				722E84652BE7365F007163D4 /* ProductClient.swift in Sources */,
				722E84692BE7365F007163D4 /* Product.swift in Sources */,
				722E848D2BE73A2A007163D4 /* StrokeBackground.swift in Sources */,
			);
			runOnlyForDeploymentPostprocessing = 0;
		};
/* End PBXSourcesBuildPhase section */

/* Begin XCBuildConfiguration section */
		10472EEF2BDFAFBD00C179F8 /* Debug */ = {
			isa = XCBuildConfiguration;
			buildSettings = {
				ALWAYS_SEARCH_USER_PATHS = NO;
				ASSETCATALOG_COMPILER_GENERATE_SWIFT_ASSET_SYMBOL_EXTENSIONS = YES;
				CLANG_ANALYZER_NONNULL = YES;
				CLANG_ANALYZER_NUMBER_OBJECT_CONVERSION = YES_AGGRESSIVE;
				CLANG_CXX_LANGUAGE_STANDARD = "gnu++20";
				CLANG_ENABLE_MODULES = YES;
				CLANG_ENABLE_OBJC_ARC = YES;
				CLANG_ENABLE_OBJC_WEAK = YES;
				CLANG_WARN_BLOCK_CAPTURE_AUTORELEASING = YES;
				CLANG_WARN_BOOL_CONVERSION = YES;
				CLANG_WARN_COMMA = YES;
				CLANG_WARN_CONSTANT_CONVERSION = YES;
				CLANG_WARN_DEPRECATED_OBJC_IMPLEMENTATIONS = YES;
				CLANG_WARN_DIRECT_OBJC_ISA_USAGE = YES_ERROR;
				CLANG_WARN_DOCUMENTATION_COMMENTS = YES;
				CLANG_WARN_EMPTY_BODY = YES;
				CLANG_WARN_ENUM_CONVERSION = YES;
				CLANG_WARN_INFINITE_RECURSION = YES;
				CLANG_WARN_INT_CONVERSION = YES;
				CLANG_WARN_NON_LITERAL_NULL_CONVERSION = YES;
				CLANG_WARN_OBJC_IMPLICIT_RETAIN_SELF = YES;
				CLANG_WARN_OBJC_LITERAL_CONVERSION = YES;
				CLANG_WARN_OBJC_ROOT_CLASS = YES_ERROR;
				CLANG_WARN_QUOTED_INCLUDE_IN_FRAMEWORK_HEADER = YES;
				CLANG_WARN_RANGE_LOOP_ANALYSIS = YES;
				CLANG_WARN_STRICT_PROTOTYPES = YES;
				CLANG_WARN_SUSPICIOUS_MOVE = YES;
				CLANG_WARN_UNGUARDED_AVAILABILITY = YES_AGGRESSIVE;
				CLANG_WARN_UNREACHABLE_CODE = YES;
				CLANG_WARN__DUPLICATE_METHOD_MATCH = YES;
				COPY_PHASE_STRIP = NO;
				DEBUG_INFORMATION_FORMAT = dwarf;
				ENABLE_STRICT_OBJC_MSGSEND = YES;
				ENABLE_TESTABILITY = YES;
				ENABLE_USER_SCRIPT_SANDBOXING = YES;
				GCC_C_LANGUAGE_STANDARD = gnu17;
				GCC_DYNAMIC_NO_PIC = NO;
				GCC_NO_COMMON_BLOCKS = YES;
				GCC_OPTIMIZATION_LEVEL = 0;
				GCC_PREPROCESSOR_DEFINITIONS = (
					"DEBUG=1",
					"$(inherited)",
				);
				GCC_WARN_64_TO_32_BIT_CONVERSION = YES;
				GCC_WARN_ABOUT_RETURN_TYPE = YES_ERROR;
				GCC_WARN_UNDECLARED_SELECTOR = YES;
				GCC_WARN_UNINITIALIZED_AUTOS = YES_AGGRESSIVE;
				GCC_WARN_UNUSED_FUNCTION = YES;
				GCC_WARN_UNUSED_VARIABLE = YES;
				IPHONEOS_DEPLOYMENT_TARGET = 17.4;
				LOCALIZATION_PREFERS_STRING_CATALOGS = YES;
				MTL_ENABLE_DEBUG_INFO = INCLUDE_SOURCE;
				MTL_FAST_MATH = YES;
				ONLY_ACTIVE_ARCH = YES;
				SDKROOT = iphoneos;
				SWIFT_ACTIVE_COMPILATION_CONDITIONS = "DEBUG $(inherited)";
				SWIFT_OPTIMIZATION_LEVEL = "-Onone";
			};
			name = Debug;
		};
		10472EF02BDFAFBD00C179F8 /* Release */ = {
			isa = XCBuildConfiguration;
			buildSettings = {
				ALWAYS_SEARCH_USER_PATHS = NO;
				ASSETCATALOG_COMPILER_GENERATE_SWIFT_ASSET_SYMBOL_EXTENSIONS = YES;
				CLANG_ANALYZER_NONNULL = YES;
				CLANG_ANALYZER_NUMBER_OBJECT_CONVERSION = YES_AGGRESSIVE;
				CLANG_CXX_LANGUAGE_STANDARD = "gnu++20";
				CLANG_ENABLE_MODULES = YES;
				CLANG_ENABLE_OBJC_ARC = YES;
				CLANG_ENABLE_OBJC_WEAK = YES;
				CLANG_WARN_BLOCK_CAPTURE_AUTORELEASING = YES;
				CLANG_WARN_BOOL_CONVERSION = YES;
				CLANG_WARN_COMMA = YES;
				CLANG_WARN_CONSTANT_CONVERSION = YES;
				CLANG_WARN_DEPRECATED_OBJC_IMPLEMENTATIONS = YES;
				CLANG_WARN_DIRECT_OBJC_ISA_USAGE = YES_ERROR;
				CLANG_WARN_DOCUMENTATION_COMMENTS = YES;
				CLANG_WARN_EMPTY_BODY = YES;
				CLANG_WARN_ENUM_CONVERSION = YES;
				CLANG_WARN_INFINITE_RECURSION = YES;
				CLANG_WARN_INT_CONVERSION = YES;
				CLANG_WARN_NON_LITERAL_NULL_CONVERSION = YES;
				CLANG_WARN_OBJC_IMPLICIT_RETAIN_SELF = YES;
				CLANG_WARN_OBJC_LITERAL_CONVERSION = YES;
				CLANG_WARN_OBJC_ROOT_CLASS = YES_ERROR;
				CLANG_WARN_QUOTED_INCLUDE_IN_FRAMEWORK_HEADER = YES;
				CLANG_WARN_RANGE_LOOP_ANALYSIS = YES;
				CLANG_WARN_STRICT_PROTOTYPES = YES;
				CLANG_WARN_SUSPICIOUS_MOVE = YES;
				CLANG_WARN_UNGUARDED_AVAILABILITY = YES_AGGRESSIVE;
				CLANG_WARN_UNREACHABLE_CODE = YES;
				CLANG_WARN__DUPLICATE_METHOD_MATCH = YES;
				COPY_PHASE_STRIP = NO;
				DEBUG_INFORMATION_FORMAT = "dwarf-with-dsym";
				ENABLE_NS_ASSERTIONS = NO;
				ENABLE_STRICT_OBJC_MSGSEND = YES;
				ENABLE_USER_SCRIPT_SANDBOXING = YES;
				GCC_C_LANGUAGE_STANDARD = gnu17;
				GCC_NO_COMMON_BLOCKS = YES;
				GCC_WARN_64_TO_32_BIT_CONVERSION = YES;
				GCC_WARN_ABOUT_RETURN_TYPE = YES_ERROR;
				GCC_WARN_UNDECLARED_SELECTOR = YES;
				GCC_WARN_UNINITIALIZED_AUTOS = YES_AGGRESSIVE;
				GCC_WARN_UNUSED_FUNCTION = YES;
				GCC_WARN_UNUSED_VARIABLE = YES;
				IPHONEOS_DEPLOYMENT_TARGET = 17.4;
				LOCALIZATION_PREFERS_STRING_CATALOGS = YES;
				MTL_ENABLE_DEBUG_INFO = NO;
				MTL_FAST_MATH = YES;
				SDKROOT = iphoneos;
				SWIFT_COMPILATION_MODE = wholemodule;
				VALIDATE_PRODUCT = YES;
			};
			name = Release;
		};
		10472EF22BDFAFBD00C179F8 /* Debug */ = {
			isa = XCBuildConfiguration;
			buildSettings = {
				ASSETCATALOG_COMPILER_APPICON_NAME = AppIcon;
				ASSETCATALOG_COMPILER_GLOBAL_ACCENT_COLOR_NAME = AccentColor;
				CODE_SIGN_STYLE = Automatic;
				CURRENT_PROJECT_VERSION = 1;
				DEVELOPMENT_ASSET_PATHS = "\"Gitagram/Preview Content\"";
				DEVELOPMENT_TEAM = 98BL22S53Y;
				ENABLE_PREVIEWS = YES;
				GENERATE_INFOPLIST_FILE = YES;
				INFOPLIST_FILE = Gitagram/Info.plist;
				INFOPLIST_KEY_LSApplicationCategoryType = "";
				INFOPLIST_KEY_NSCameraUsageDescription = "リポジトリの写真を撮影します";
				INFOPLIST_KEY_NSPhotoLibraryAddUsageDescription = "保存するよ";
				INFOPLIST_KEY_NSPhotoLibraryUsageDescription = "保存するよ";
				INFOPLIST_KEY_UIApplicationSceneManifest_Generation = YES;
				INFOPLIST_KEY_UIApplicationSupportsIndirectInputEvents = YES;
				INFOPLIST_KEY_UILaunchScreen_Generation = YES;
				INFOPLIST_KEY_UISupportedInterfaceOrientations_iPad = "UIInterfaceOrientationPortrait UIInterfaceOrientationPortraitUpsideDown UIInterfaceOrientationLandscapeLeft UIInterfaceOrientationLandscapeRight";
				INFOPLIST_KEY_UISupportedInterfaceOrientations_iPhone = "UIInterfaceOrientationPortrait UIInterfaceOrientationLandscapeLeft UIInterfaceOrientationLandscapeRight";
				LD_RUNPATH_SEARCH_PATHS = (
					"$(inherited)",
					"@executable_path/Frameworks",
				);
				MARKETING_VERSION = 1.0;
				PRODUCT_BUNDLE_IDENTIFIER = com.shuto.Gitagram;
				PRODUCT_NAME = "$(TARGET_NAME)";
				SWIFT_EMIT_LOC_STRINGS = YES;
				SWIFT_VERSION = 5.0;
				TARGETED_DEVICE_FAMILY = "1,2";
			};
			name = Debug;
		};
		10472EF32BDFAFBD00C179F8 /* Release */ = {
			isa = XCBuildConfiguration;
			buildSettings = {
				ASSETCATALOG_COMPILER_APPICON_NAME = AppIcon;
				ASSETCATALOG_COMPILER_GLOBAL_ACCENT_COLOR_NAME = AccentColor;
				CODE_SIGN_STYLE = Automatic;
				CURRENT_PROJECT_VERSION = 1;
				DEVELOPMENT_ASSET_PATHS = "\"Gitagram/Preview Content\"";
				DEVELOPMENT_TEAM = 98BL22S53Y;
				ENABLE_PREVIEWS = YES;
				GENERATE_INFOPLIST_FILE = YES;
				INFOPLIST_FILE = Gitagram/Info.plist;
				INFOPLIST_KEY_LSApplicationCategoryType = "";
				INFOPLIST_KEY_NSCameraUsageDescription = "リポジトリの写真を撮影します";
				INFOPLIST_KEY_NSPhotoLibraryAddUsageDescription = "保存するよ";
				INFOPLIST_KEY_NSPhotoLibraryUsageDescription = "保存するよ";
				INFOPLIST_KEY_UIApplicationSceneManifest_Generation = YES;
				INFOPLIST_KEY_UIApplicationSupportsIndirectInputEvents = YES;
				INFOPLIST_KEY_UILaunchScreen_Generation = YES;
				INFOPLIST_KEY_UISupportedInterfaceOrientations_iPad = "UIInterfaceOrientationPortrait UIInterfaceOrientationPortraitUpsideDown UIInterfaceOrientationLandscapeLeft UIInterfaceOrientationLandscapeRight";
				INFOPLIST_KEY_UISupportedInterfaceOrientations_iPhone = "UIInterfaceOrientationPortrait UIInterfaceOrientationLandscapeLeft UIInterfaceOrientationLandscapeRight";
				LD_RUNPATH_SEARCH_PATHS = (
					"$(inherited)",
					"@executable_path/Frameworks",
				);
				MARKETING_VERSION = 1.0;
				PRODUCT_BUNDLE_IDENTIFIER = com.shuto.Gitagram;
				PRODUCT_NAME = "$(TARGET_NAME)";
				SWIFT_EMIT_LOC_STRINGS = YES;
				SWIFT_VERSION = 5.0;
				TARGETED_DEVICE_FAMILY = "1,2";
			};
			name = Release;
		};
/* End XCBuildConfiguration section */

/* Begin XCConfigurationList section */
		10472EDE2BDFAFBB00C179F8 /* Build configuration list for PBXProject "Gitagram" */ = {
			isa = XCConfigurationList;
			buildConfigurations = (
				10472EEF2BDFAFBD00C179F8 /* Debug */,
				10472EF02BDFAFBD00C179F8 /* Release */,
			);
			defaultConfigurationIsVisible = 0;
			defaultConfigurationName = Release;
		};
		10472EF12BDFAFBD00C179F8 /* Build configuration list for PBXNativeTarget "Gitagram" */ = {
			isa = XCConfigurationList;
			buildConfigurations = (
				10472EF22BDFAFBD00C179F8 /* Debug */,
				10472EF32BDFAFBD00C179F8 /* Release */,
			);
			defaultConfigurationIsVisible = 0;
			defaultConfigurationName = Release;
		};
/* End XCConfigurationList section */

/* Begin XCRemoteSwiftPackageReference section */
		103BF3672BE39C3E00818544 /* XCRemoteSwiftPackageReference "firebase-ios-sdk" */ = {
			isa = XCRemoteSwiftPackageReference;
			repositoryURL = "https://github.com/firebase/firebase-ios-sdk.git";
			requirement = {
				kind = upToNextMajorVersion;
				minimumVersion = 10.25.0;
			};
		};
/* End XCRemoteSwiftPackageReference section */

/* Begin XCSwiftPackageProductDependency section */
		103BF3682BE39C3E00818544 /* FirebaseDatabase */ = {
			isa = XCSwiftPackageProductDependency;
			package = 103BF3672BE39C3E00818544 /* XCRemoteSwiftPackageReference "firebase-ios-sdk" */;
			productName = FirebaseDatabase;
		};
		103BF36A2BE39C3E00818544 /* FirebaseDatabaseSwift */ = {
			isa = XCSwiftPackageProductDependency;
			package = 103BF3672BE39C3E00818544 /* XCRemoteSwiftPackageReference "firebase-ios-sdk" */;
			productName = FirebaseDatabaseSwift;
		};
		103BF36C2BE39C3E00818544 /* FirebaseFirestore */ = {
			isa = XCSwiftPackageProductDependency;
			package = 103BF3672BE39C3E00818544 /* XCRemoteSwiftPackageReference "firebase-ios-sdk" */;
			productName = FirebaseFirestore;
		};
		103BF36E2BE39C3E00818544 /* FirebaseFirestoreCombine-Community */ = {
			isa = XCSwiftPackageProductDependency;
			package = 103BF3672BE39C3E00818544 /* XCRemoteSwiftPackageReference "firebase-ios-sdk" */;
			productName = "FirebaseFirestoreCombine-Community";
		};
		103BF3702BE39C3E00818544 /* FirebaseFirestoreSwift */ = {
			isa = XCSwiftPackageProductDependency;
			package = 103BF3672BE39C3E00818544 /* XCRemoteSwiftPackageReference "firebase-ios-sdk" */;
			productName = FirebaseFirestoreSwift;
		};
		103BF3722BE39C3E00818544 /* FirebaseStorage */ = {
			isa = XCSwiftPackageProductDependency;
			package = 103BF3672BE39C3E00818544 /* XCRemoteSwiftPackageReference "firebase-ios-sdk" */;
			productName = FirebaseStorage;
		};
		103BF3742BE39C3E00818544 /* FirebaseStorageCombine-Community */ = {
			isa = XCSwiftPackageProductDependency;
			package = 103BF3672BE39C3E00818544 /* XCRemoteSwiftPackageReference "firebase-ios-sdk" */;
			productName = "FirebaseStorageCombine-Community";
		};
/* End XCSwiftPackageProductDependency section */
	};
	rootObject = 10472EDB2BDFAFBB00C179F8 /* Project object */;
}
