// !$*UTF8*$!
{
	archiveVersion = 1;
	classes = {
	};
	objectVersion = 56;
	objects = {

/* Begin PBXBuildFile section */
		10177A362BFA148500BA6078 /* ProductResponse.swift in Sources */ = {isa = PBXBuildFile; fileRef = 10177A352BFA148500BA6078 /* ProductResponse.swift */; };
		10177A382BFA3A4500BA6078 /* DeveloperResponse.swift in Sources */ = {isa = PBXBuildFile; fileRef = 10177A372BFA3A4500BA6078 /* DeveloperResponse.swift */; };
		10261AFF2BE8FCF2007D1606 /* PostURLView.swift in Sources */ = {isa = PBXBuildFile; fileRef = 10261AFE2BE8FCF2007D1606 /* PostURLView.swift */; };
		10261B0A2BE94695007D1606 /* AccountViewModel.swift in Sources */ = {isa = PBXBuildFile; fileRef = 10261B092BE94695007D1606 /* AccountViewModel.swift */; };
		10334AA12C2A6AD6004364B1 /* Kingfisher in Frameworks */ = {isa = PBXBuildFile; productRef = 10334AA02C2A6AD6004364B1 /* Kingfisher */; };
		103BF3692BE39C3E00818544 /* FirebaseDatabase in Frameworks */ = {isa = PBXBuildFile; productRef = 103BF3682BE39C3E00818544 /* FirebaseDatabase */; };
		103BF36B2BE39C3E00818544 /* FirebaseDatabaseSwift in Frameworks */ = {isa = PBXBuildFile; productRef = 103BF36A2BE39C3E00818544 /* FirebaseDatabaseSwift */; };
		103BF36D2BE39C3E00818544 /* FirebaseFirestore in Frameworks */ = {isa = PBXBuildFile; productRef = 103BF36C2BE39C3E00818544 /* FirebaseFirestore */; };
		103BF36F2BE39C3E00818544 /* FirebaseFirestoreCombine-Community in Frameworks */ = {isa = PBXBuildFile; productRef = 103BF36E2BE39C3E00818544 /* FirebaseFirestoreCombine-Community */; };
		103BF3712BE39C3E00818544 /* FirebaseFirestoreSwift in Frameworks */ = {isa = PBXBuildFile; productRef = 103BF3702BE39C3E00818544 /* FirebaseFirestoreSwift */; };
		103BF3732BE39C3E00818544 /* FirebaseStorage in Frameworks */ = {isa = PBXBuildFile; productRef = 103BF3722BE39C3E00818544 /* FirebaseStorage */; };
		103BF3752BE39C3E00818544 /* FirebaseStorageCombine-Community in Frameworks */ = {isa = PBXBuildFile; productRef = 103BF3742BE39C3E00818544 /* FirebaseStorageCombine-Community */; };
		103BF37B2BE3B17000818544 /* GoogleService-Info.plist in Resources */ = {isa = PBXBuildFile; fileRef = 103BF37A2BE3B17000818544 /* GoogleService-Info.plist */; };
		1041EFF62C316943002C9BDC /* GetHashTagsUseCase.swift in Sources */ = {isa = PBXBuildFile; fileRef = 1041EFF52C316934002C9BDC /* GetHashTagsUseCase.swift */; };
		10472EE72BDFAFBB00C179F8 /* GitagramApp.swift in Sources */ = {isa = PBXBuildFile; fileRef = 10472EE62BDFAFBB00C179F8 /* GitagramApp.swift */; };
		10472EEE2BDFAFBD00C179F8 /* Preview Assets.xcassets in Resources */ = {isa = PBXBuildFile; fileRef = 10472EED2BDFAFBD00C179F8 /* Preview Assets.xcassets */; };
		10502C6E2C1E850700097342 /* HashTag.swift in Sources */ = {isa = PBXBuildFile; fileRef = 10502C6D2C1E850700097342 /* HashTag.swift */; };
		1099AC012C2C5B8A0001E52B /* GitHubLoader.swift in Sources */ = {isa = PBXBuildFile; fileRef = 1099AC002C2C5B840001E52B /* GitHubLoader.swift */; };
		10D526252C243731004E66EA /* HashTagResponse.swift in Sources */ = {isa = PBXBuildFile; fileRef = 10D526242C243726004E66EA /* HashTagResponse.swift */; };
		10D526272C2437F0004E66EA /* HashTagClientProtocol.swift in Sources */ = {isa = PBXBuildFile; fileRef = 10D526262C2437EF004E66EA /* HashTagClientProtocol.swift */; };
		10D5262A2C243867004E66EA /* HashTagClient.swift in Sources */ = {isa = PBXBuildFile; fileRef = 10D526292C243864004E66EA /* HashTagClient.swift */; };
		10D5262C2C2439C1004E66EA /* HashTagRepositoryProtocol.swift in Sources */ = {isa = PBXBuildFile; fileRef = 10D5262B2C24398A004E66EA /* HashTagRepositoryProtocol.swift */; };
		10D5262F2C243A2E004E66EA /* HashTagRepository.swift in Sources */ = {isa = PBXBuildFile; fileRef = 10D5262E2C243A28004E66EA /* HashTagRepository.swift */; };
		10D526312C243CB6004E66EA /* TagProductClient.swift in Sources */ = {isa = PBXBuildFile; fileRef = 10D526302C243CAE004E66EA /* TagProductClient.swift */; };
		10D526332C243CE6004E66EA /* HashTagProductClientProtocol.swift in Sources */ = {isa = PBXBuildFile; fileRef = 10D526322C243CE5004E66EA /* HashTagProductClientProtocol.swift */; };
		23B6E52D2BE73C1D0049200B /* ContentView.swift in Sources */ = {isa = PBXBuildFile; fileRef = 23B6E52C2BE73C1D0049200B /* ContentView.swift */; };
		23EF643B2C424420001572BD /* AccountCardTypeOneView.swift in Sources */ = {isa = PBXBuildFile; fileRef = 23EF643A2C424420001572BD /* AccountCardTypeOneView.swift */; };
		23EF643D2C424440001572BD /* AccountCardTypeThreeView.swift in Sources */ = {isa = PBXBuildFile; fileRef = 23EF643C2C424440001572BD /* AccountCardTypeThreeView.swift */; };
		23EF643F2C424454001572BD /* AccountCardTypeTwoView.swift in Sources */ = {isa = PBXBuildFile; fileRef = 23EF643E2C424453001572BD /* AccountCardTypeTwoView.swift */; };
		23EF64422C4244B6001572BD /* BackTypeOneView.swift in Sources */ = {isa = PBXBuildFile; fileRef = 23EF64412C4244B6001572BD /* BackTypeOneView.swift */; };
		23EF64442C4244D7001572BD /* BackTypeThreeView.swift in Sources */ = {isa = PBXBuildFile; fileRef = 23EF64432C4244D6001572BD /* BackTypeThreeView.swift */; };
		23EF64462C4244EE001572BD /* BackTypeTwoView.swift in Sources */ = {isa = PBXBuildFile; fileRef = 23EF64452C4244EE001572BD /* BackTypeTwoView.swift */; };
		23EF64492C42451F001572BD /* ImageCloudView.swift in Sources */ = {isa = PBXBuildFile; fileRef = 23EF64482C42451F001572BD /* ImageCloudView.swift */; };
		23EF644B2C424537001572BD /* ImageHeartView.swift in Sources */ = {isa = PBXBuildFile; fileRef = 23EF644A2C424537001572BD /* ImageHeartView.swift */; };
		23EF644D2C42454C001572BD /* ImageRainbowView.swift in Sources */ = {isa = PBXBuildFile; fileRef = 23EF644C2C42454C001572BD /* ImageRainbowView.swift */; };
		23EF64502C424573001572BD /* QRTypeOneView.swift in Sources */ = {isa = PBXBuildFile; fileRef = 23EF644F2C424573001572BD /* QRTypeOneView.swift */; };
		23EF64522C424593001572BD /* QRTypeTwoView.swift in Sources */ = {isa = PBXBuildFile; fileRef = 23EF64512C424593001572BD /* QRTypeTwoView.swift */; };
		23EF64552C4245CE001572BD /* ShareSheet.swift in Sources */ = {isa = PBXBuildFile; fileRef = 23EF64542C4245CE001572BD /* ShareSheet.swift */; };
		23EF64572C4245F9001572BD /* StrokeBackground.swift in Sources */ = {isa = PBXBuildFile; fileRef = 23EF64562C4245F9001572BD /* StrokeBackground.swift */; };
		23EF645A2C424670001572BD /* KiraKiraTypeOneView.swift in Sources */ = {isa = PBXBuildFile; fileRef = 23EF64592C424670001572BD /* KiraKiraTypeOneView.swift */; };
		23EF645C2C424686001572BD /* KiraKiraTypeThreeView.swift in Sources */ = {isa = PBXBuildFile; fileRef = 23EF645B2C424686001572BD /* KiraKiraTypeThreeView.swift */; };
		23EF645E2C42469C001572BD /* KiraKiraTypeTwoView.swift in Sources */ = {isa = PBXBuildFile; fileRef = 23EF645D2C42469C001572BD /* KiraKiraTypeTwoView.swift */; };
		23EF64602C42472C001572BD /* ColorExtention.swift in Sources */ = {isa = PBXBuildFile; fileRef = 23EF645F2C42472C001572BD /* ColorExtention.swift */; };
		23EF64622C42485C001572BD /* FrankfrtText.swift in Sources */ = {isa = PBXBuildFile; fileRef = 23EF64612C42485C001572BD /* FrankfrtText.swift */; };
		23EF64642C424873001572BD /* NeonText.swift in Sources */ = {isa = PBXBuildFile; fileRef = 23EF64632C424873001572BD /* NeonText.swift */; };
		23EF64662C424892001572BD /* PopText.swift in Sources */ = {isa = PBXBuildFile; fileRef = 23EF64652C424891001572BD /* PopText.swift */; };
		23EF646A2C425CFD001572BD /* ArialCEMTBlack.ttf in Resources */ = {isa = PBXBuildFile; fileRef = 23EF64692C425CFC001572BD /* ArialCEMTBlack.ttf */; };
		23EF646C2C425DAE001572BD /* Learning Curve Alt G.ttf in Resources */ = {isa = PBXBuildFile; fileRef = 23EF646B2C425DAD001572BD /* Learning Curve Alt G.ttf */; };
		722E84052BE735EA007163D4 /* CardStackView.swift in Sources */ = {isa = PBXBuildFile; fileRef = 722E83F82BE735EA007163D4 /* CardStackView.swift */; };
		722E84062BE735EA007163D4 /* CardView.swift in Sources */ = {isa = PBXBuildFile; fileRef = 722E83F92BE735EA007163D4 /* CardView.swift */; };
		722E84082BE735EA007163D4 /* SwipeActionIndicatorView.swift in Sources */ = {isa = PBXBuildFile; fileRef = 722E83FB2BE735EA007163D4 /* SwipeActionIndicatorView.swift */; };
		722E84092BE735EA007163D4 /* UserInfoView.swift in Sources */ = {isa = PBXBuildFile; fileRef = 722E83FC2BE735EA007163D4 /* UserInfoView.swift */; };
		722E840B2BE735EA007163D4 /* SizeConstants.swift in Sources */ = {isa = PBXBuildFile; fileRef = 722E84002BE735EA007163D4 /* SizeConstants.swift */; };
		722E840C2BE735EA007163D4 /* MatchingView.swift in Sources */ = {isa = PBXBuildFile; fileRef = 722E84022BE735EA007163D4 /* MatchingView.swift */; };
		722E840D2BE735EA007163D4 /* MatchingViewModel.swift in Sources */ = {isa = PBXBuildFile; fileRef = 722E84032BE735EA007163D4 /* MatchingViewModel.swift */; };
		722E84142BE73601007163D4 /* ImagePickerView.swift in Sources */ = {isa = PBXBuildFile; fileRef = 722E840E2BE73601007163D4 /* ImagePickerView.swift */; };
		722E84152BE73601007163D4 /* PostDescriptionView.swift in Sources */ = {isa = PBXBuildFile; fileRef = 722E84102BE73601007163D4 /* PostDescriptionView.swift */; };
		722E84162BE73601007163D4 /* PostImageView.swift in Sources */ = {isa = PBXBuildFile; fileRef = 722E84112BE73601007163D4 /* PostImageView.swift */; };
		722E84172BE73601007163D4 /* PostTitleView.swift in Sources */ = {isa = PBXBuildFile; fileRef = 722E84122BE73601007163D4 /* PostTitleView.swift */; };
		722E84642BE7365F007163D4 /* DeveloperClient.swift in Sources */ = {isa = PBXBuildFile; fileRef = 722E84392BE7365F007163D4 /* DeveloperClient.swift */; };
		722E84652BE7365F007163D4 /* ProductClient.swift in Sources */ = {isa = PBXBuildFile; fileRef = 722E843B2BE7365F007163D4 /* ProductClient.swift */; };
		722E84662BE7365F007163D4 /* ProductImageClient.swift in Sources */ = {isa = PBXBuildFile; fileRef = 722E843C2BE7365F007163D4 /* ProductImageClient.swift */; };
		722E84672BE7365F007163D4 /* CardData.swift in Sources */ = {isa = PBXBuildFile; fileRef = 722E843F2BE7365F007163D4 /* CardData.swift */; };
		722E84682BE7365F007163D4 /* Developer.swift in Sources */ = {isa = PBXBuildFile; fileRef = 722E84402BE7365F007163D4 /* Developer.swift */; };
		722E84692BE7365F007163D4 /* Product.swift in Sources */ = {isa = PBXBuildFile; fileRef = 722E84412BE7365F007163D4 /* Product.swift */; };
		722E846A2BE7365F007163D4 /* DeveloperRepository.swift in Sources */ = {isa = PBXBuildFile; fileRef = 722E84432BE7365F007163D4 /* DeveloperRepository.swift */; };
		722E846B2BE7365F007163D4 /* ProductImageRepository.swift in Sources */ = {isa = PBXBuildFile; fileRef = 722E84452BE7365F007163D4 /* ProductImageRepository.swift */; };
		722E846C2BE7365F007163D4 /* ProductRepository.swift in Sources */ = {isa = PBXBuildFile; fileRef = 722E84462BE7365F007163D4 /* ProductRepository.swift */; };
		722E846D2BE7365F007163D4 /* DeveloperClientProtocol.swift in Sources */ = {isa = PBXBuildFile; fileRef = 722E84482BE7365F007163D4 /* DeveloperClientProtocol.swift */; };
		722E846E2BE7365F007163D4 /* ProductClientProtocol.swift in Sources */ = {isa = PBXBuildFile; fileRef = 722E84492BE7365F007163D4 /* ProductClientProtocol.swift */; };
		722E846F2BE7365F007163D4 /* ProductImageClientProtocol.swift in Sources */ = {isa = PBXBuildFile; fileRef = 722E844A2BE7365F007163D4 /* ProductImageClientProtocol.swift */; };
		722E84702BE7365F007163D4 /* QRCodeRepository.swift in Sources */ = {isa = PBXBuildFile; fileRef = 722E844C2BE7365F007163D4 /* QRCodeRepository.swift */; };
		722E84712BE7365F007163D4 /* RepositoryDI.swift in Sources */ = {isa = PBXBuildFile; fileRef = 722E844E2BE7365F007163D4 /* RepositoryDI.swift */; };
		722E84722BE7365F007163D4 /* CreateDeveloperUseCase.swift in Sources */ = {isa = PBXBuildFile; fileRef = 722E84502BE7365F007163D4 /* CreateDeveloperUseCase.swift */; };
		722E84732BE7365F007163D4 /* GetQRCodeUseCase.swift in Sources */ = {isa = PBXBuildFile; fileRef = 722E84512BE7365F007163D4 /* GetQRCodeUseCase.swift */; };
		722E84742BE7365F007163D4 /* GetDeveloperUseCase.swift in Sources */ = {isa = PBXBuildFile; fileRef = 722E84522BE7365F007163D4 /* GetDeveloperUseCase.swift */; };
		722E84752BE7365F007163D4 /* GetLoginDeveloperUseCase.swift in Sources */ = {isa = PBXBuildFile; fileRef = 722E84532BE7365F007163D4 /* GetLoginDeveloperUseCase.swift */; };
		722E84762BE7365F007163D4 /* GetProductImageUseCase.swift in Sources */ = {isa = PBXBuildFile; fileRef = 722E84552BE7365F007163D4 /* GetProductImageUseCase.swift */; };
		722E84772BE7365F007163D4 /* GetProductListUseCase.swift in Sources */ = {isa = PBXBuildFile; fileRef = 722E84562BE7365F007163D4 /* GetProductListUseCase.swift */; };
		722E84782BE7365F007163D4 /* PostProductUseCase.swift in Sources */ = {isa = PBXBuildFile; fileRef = 722E84572BE7365F007163D4 /* PostProductUseCase.swift */; };
		722E84792BE7365F007163D4 /* DeveloperImageRepositoryProtocol.swift in Sources */ = {isa = PBXBuildFile; fileRef = 722E84592BE7365F007163D4 /* DeveloperImageRepositoryProtocol.swift */; };
		722E847A2BE7365F007163D4 /* DeveloperRepositoryProtocol.swift in Sources */ = {isa = PBXBuildFile; fileRef = 722E845A2BE7365F007163D4 /* DeveloperRepositoryProtocol.swift */; };
		722E847B2BE7365F007163D4 /* ProductImageRepositoryProtocol.swift in Sources */ = {isa = PBXBuildFile; fileRef = 722E845B2BE7365F007163D4 /* ProductImageRepositoryProtocol.swift */; };
		722E847C2BE7365F007163D4 /* ProductRepositoryProtocol.swift in Sources */ = {isa = PBXBuildFile; fileRef = 722E845C2BE7365F007163D4 /* ProductRepositoryProtocol.swift */; };
		722E847D2BE7365F007163D4 /* QRCodeProtocol.swift in Sources */ = {isa = PBXBuildFile; fileRef = 722E845D2BE7365F007163D4 /* QRCodeProtocol.swift */; };
		722E847E2BE7365F007163D4 /* TakeScreenShotUseCase.swift in Sources */ = {isa = PBXBuildFile; fileRef = 722E845F2BE7365F007163D4 /* TakeScreenShotUseCase.swift */; };
		722E847F2BE7365F007163D4 /* UseCaseDI.swift in Sources */ = {isa = PBXBuildFile; fileRef = 722E84612BE7365F007163D4 /* UseCaseDI.swift */; };
		722E848A2BE73A2A007163D4 /* AccountView.swift in Sources */ = {isa = PBXBuildFile; fileRef = 722E84822BE73A29007163D4 /* AccountView.swift */; };
		722E848B2BE73A2A007163D4 /* KiraKiraViewModel.swift in Sources */ = {isa = PBXBuildFile; fileRef = 722E84842BE73A29007163D4 /* KiraKiraViewModel.swift */; };
		722E84902BE73A42007163D4 /* HomeView.swift in Sources */ = {isa = PBXBuildFile; fileRef = 722E848E2BE73A42007163D4 /* HomeView.swift */; };
		72389D582C34DA840006D44B /* PostView.swift in Sources */ = {isa = PBXBuildFile; fileRef = 72389D572C34DA840006D44B /* PostView.swift */; };
		72389D5A2C36CC0E0006D44B /* PostViewModel.swift in Sources */ = {isa = PBXBuildFile; fileRef = 72389D592C36CC0E0006D44B /* PostViewModel.swift */; };
		727952E92C1FF0B000788394 /* PickHashTagView.swift in Sources */ = {isa = PBXBuildFile; fileRef = 727952E82C1FF0B000788394 /* PickHashTagView.swift */; };
		727952EC2C214ACB00788394 /* FirebaseAuth in Frameworks */ = {isa = PBXBuildFile; productRef = 727952EB2C214ACB00788394 /* FirebaseAuth */; };
		727952EE2C214ACB00788394 /* FirebaseAuthCombine-Community in Frameworks */ = {isa = PBXBuildFile; productRef = 727952ED2C214ACB00788394 /* FirebaseAuthCombine-Community */; };
		727952F12C21B9ED00788394 /* LoginView.swift in Sources */ = {isa = PBXBuildFile; fileRef = 727952F02C21B9ED00788394 /* LoginView.swift */; };
		727952F82C21DA1700788394 /* frankfrt.ttf in Resources */ = {isa = PBXBuildFile; fileRef = 727952F72C21DA1700788394 /* frankfrt.ttf */; };
		7279530D2C21DF2700788394 /* Shrikhand-Regular.otf in Resources */ = {isa = PBXBuildFile; fileRef = 7279530C2C21DF2700788394 /* Shrikhand-Regular.otf */; };
		7279530F2C21E3C400788394 /* LoginViewModel.swift in Sources */ = {isa = PBXBuildFile; fileRef = 7279530E2C21E3C400788394 /* LoginViewModel.swift */; };
		727953112C21E4D200788394 /* Assets.xcassets in Resources */ = {isa = PBXBuildFile; fileRef = 727953102C21E4D200788394 /* Assets.xcassets */; };
		728E75B22BFC4A3B003D4C93 /* Lottie in Frameworks */ = {isa = PBXBuildFile; productRef = 728E75B12BFC4A3B003D4C93 /* Lottie */; };
		728E75B42BFC5139003D4C93 /* LottieView.swift in Sources */ = {isa = PBXBuildFile; fileRef = 728E75B32BFC5139003D4C93 /* LottieView.swift */; };
		728E75C22BFC7BAE003D4C93 /* LottieProgress.json in Resources */ = {isa = PBXBuildFile; fileRef = 728E75C12BFC7BAE003D4C93 /* LottieProgress.json */; };
		72A8E00C2C04198500386DDD /* LoadImageFromLibraryUseCase.swift in Sources */ = {isa = PBXBuildFile; fileRef = 72A8E00B2C04198500386DDD /* LoadImageFromLibraryUseCase.swift */; };
		72B3DB412BF2F928008BE7F9 /* HashTagView.swift in Sources */ = {isa = PBXBuildFile; fileRef = 72B3DB402BF2F928008BE7F9 /* HashTagView.swift */; };
		72B3DB432BF42D2F008BE7F9 /* PostHashTagView.swift in Sources */ = {isa = PBXBuildFile; fileRef = 72B3DB422BF42D2F008BE7F9 /* PostHashTagView.swift */; };
		72B3DB482BF50E34008BE7F9 /* ChangeColor.swift in Sources */ = {isa = PBXBuildFile; fileRef = 72B3DB472BF50E34008BE7F9 /* ChangeColor.swift */; };
		72C1F9BA2C4248A700A81E32 /* RemoveCardView.swift in Sources */ = {isa = PBXBuildFile; fileRef = 72C1F9B92C4248A700A81E32 /* RemoveCardView.swift */; };
		72C1F9BC2C42B70E00A81E32 /* GetMyProductUseCase.swift in Sources */ = {isa = PBXBuildFile; fileRef = 72C1F9BB2C42B70E00A81E32 /* GetMyProductUseCase.swift */; };
		72C1F9BE2C42BEF200A81E32 /* RemoveCardViewModel.swift in Sources */ = {isa = PBXBuildFile; fileRef = 72C1F9BD2C42BEF200A81E32 /* RemoveCardViewModel.swift */; };
/* End PBXBuildFile section */

/* Begin PBXFileReference section */
		10177A352BFA148500BA6078 /* ProductResponse.swift */ = {isa = PBXFileReference; lastKnownFileType = sourcecode.swift; path = ProductResponse.swift; sourceTree = "<group>"; };
		10177A372BFA3A4500BA6078 /* DeveloperResponse.swift */ = {isa = PBXFileReference; lastKnownFileType = sourcecode.swift; path = DeveloperResponse.swift; sourceTree = "<group>"; };
		10261AFE2BE8FCF2007D1606 /* PostURLView.swift */ = {isa = PBXFileReference; fileEncoding = 4; lastKnownFileType = sourcecode.swift; path = PostURLView.swift; sourceTree = "<group>"; };
		10261B092BE94695007D1606 /* AccountViewModel.swift */ = {isa = PBXFileReference; lastKnownFileType = sourcecode.swift; path = AccountViewModel.swift; sourceTree = "<group>"; };
		103BF37A2BE3B17000818544 /* GoogleService-Info.plist */ = {isa = PBXFileReference; fileEncoding = 4; lastKnownFileType = text.plist.xml; path = "GoogleService-Info.plist"; sourceTree = "<group>"; };
		1041EFF52C316934002C9BDC /* GetHashTagsUseCase.swift */ = {isa = PBXFileReference; lastKnownFileType = sourcecode.swift; path = GetHashTagsUseCase.swift; sourceTree = "<group>"; };
		10472EE32BDFAFBB00C179F8 /* Gitagram.app */ = {isa = PBXFileReference; explicitFileType = wrapper.application; includeInIndex = 0; path = Gitagram.app; sourceTree = BUILT_PRODUCTS_DIR; };
		10472EE62BDFAFBB00C179F8 /* GitagramApp.swift */ = {isa = PBXFileReference; lastKnownFileType = sourcecode.swift; path = GitagramApp.swift; sourceTree = "<group>"; };
		10472EED2BDFAFBD00C179F8 /* Preview Assets.xcassets */ = {isa = PBXFileReference; lastKnownFileType = folder.assetcatalog; path = "Preview Assets.xcassets"; sourceTree = "<group>"; };
		10502C6D2C1E850700097342 /* HashTag.swift */ = {isa = PBXFileReference; lastKnownFileType = sourcecode.swift; path = HashTag.swift; sourceTree = "<group>"; };
		1099AC002C2C5B840001E52B /* GitHubLoader.swift */ = {isa = PBXFileReference; lastKnownFileType = sourcecode.swift; path = GitHubLoader.swift; sourceTree = "<group>"; };
		10D526242C243726004E66EA /* HashTagResponse.swift */ = {isa = PBXFileReference; lastKnownFileType = sourcecode.swift; path = HashTagResponse.swift; sourceTree = "<group>"; };
		10D526262C2437EF004E66EA /* HashTagClientProtocol.swift */ = {isa = PBXFileReference; lastKnownFileType = sourcecode.swift; path = HashTagClientProtocol.swift; sourceTree = "<group>"; };
		10D526292C243864004E66EA /* HashTagClient.swift */ = {isa = PBXFileReference; lastKnownFileType = sourcecode.swift; path = HashTagClient.swift; sourceTree = "<group>"; };
		10D5262B2C24398A004E66EA /* HashTagRepositoryProtocol.swift */ = {isa = PBXFileReference; lastKnownFileType = sourcecode.swift; path = HashTagRepositoryProtocol.swift; sourceTree = "<group>"; };
		10D5262E2C243A28004E66EA /* HashTagRepository.swift */ = {isa = PBXFileReference; lastKnownFileType = sourcecode.swift; path = HashTagRepository.swift; sourceTree = "<group>"; };
		10D526302C243CAE004E66EA /* TagProductClient.swift */ = {isa = PBXFileReference; lastKnownFileType = sourcecode.swift; path = TagProductClient.swift; sourceTree = "<group>"; };
		10D526322C243CE5004E66EA /* HashTagProductClientProtocol.swift */ = {isa = PBXFileReference; lastKnownFileType = sourcecode.swift; path = HashTagProductClientProtocol.swift; sourceTree = "<group>"; };
		23B6E52C2BE73C1D0049200B /* ContentView.swift */ = {isa = PBXFileReference; lastKnownFileType = sourcecode.swift; path = ContentView.swift; sourceTree = "<group>"; };
		23B6E52E2BE7540F0049200B /* Info.plist */ = {isa = PBXFileReference; lastKnownFileType = text.plist.xml; path = Info.plist; sourceTree = "<group>"; };
		23EF643A2C424420001572BD /* AccountCardTypeOneView.swift */ = {isa = PBXFileReference; lastKnownFileType = sourcecode.swift; path = AccountCardTypeOneView.swift; sourceTree = "<group>"; };
		23EF643C2C424440001572BD /* AccountCardTypeThreeView.swift */ = {isa = PBXFileReference; lastKnownFileType = sourcecode.swift; path = AccountCardTypeThreeView.swift; sourceTree = "<group>"; };
		23EF643E2C424453001572BD /* AccountCardTypeTwoView.swift */ = {isa = PBXFileReference; lastKnownFileType = sourcecode.swift; path = AccountCardTypeTwoView.swift; sourceTree = "<group>"; };
		23EF64412C4244B6001572BD /* BackTypeOneView.swift */ = {isa = PBXFileReference; lastKnownFileType = sourcecode.swift; path = BackTypeOneView.swift; sourceTree = "<group>"; };
		23EF64432C4244D6001572BD /* BackTypeThreeView.swift */ = {isa = PBXFileReference; lastKnownFileType = sourcecode.swift; path = BackTypeThreeView.swift; sourceTree = "<group>"; };
		23EF64452C4244EE001572BD /* BackTypeTwoView.swift */ = {isa = PBXFileReference; lastKnownFileType = sourcecode.swift; path = BackTypeTwoView.swift; sourceTree = "<group>"; };
		23EF64482C42451F001572BD /* ImageCloudView.swift */ = {isa = PBXFileReference; lastKnownFileType = sourcecode.swift; path = ImageCloudView.swift; sourceTree = "<group>"; };
		23EF644A2C424537001572BD /* ImageHeartView.swift */ = {isa = PBXFileReference; lastKnownFileType = sourcecode.swift; path = ImageHeartView.swift; sourceTree = "<group>"; };
		23EF644C2C42454C001572BD /* ImageRainbowView.swift */ = {isa = PBXFileReference; lastKnownFileType = sourcecode.swift; path = ImageRainbowView.swift; sourceTree = "<group>"; };
		23EF644F2C424573001572BD /* QRTypeOneView.swift */ = {isa = PBXFileReference; lastKnownFileType = sourcecode.swift; path = QRTypeOneView.swift; sourceTree = "<group>"; };
		23EF64512C424593001572BD /* QRTypeTwoView.swift */ = {isa = PBXFileReference; lastKnownFileType = sourcecode.swift; path = QRTypeTwoView.swift; sourceTree = "<group>"; };
		23EF64542C4245CE001572BD /* ShareSheet.swift */ = {isa = PBXFileReference; lastKnownFileType = sourcecode.swift; path = ShareSheet.swift; sourceTree = "<group>"; };
		23EF64562C4245F9001572BD /* StrokeBackground.swift */ = {isa = PBXFileReference; lastKnownFileType = sourcecode.swift; path = StrokeBackground.swift; sourceTree = "<group>"; };
		23EF64592C424670001572BD /* KiraKiraTypeOneView.swift */ = {isa = PBXFileReference; lastKnownFileType = sourcecode.swift; path = KiraKiraTypeOneView.swift; sourceTree = "<group>"; };
		23EF645B2C424686001572BD /* KiraKiraTypeThreeView.swift */ = {isa = PBXFileReference; lastKnownFileType = sourcecode.swift; path = KiraKiraTypeThreeView.swift; sourceTree = "<group>"; };
		23EF645D2C42469C001572BD /* KiraKiraTypeTwoView.swift */ = {isa = PBXFileReference; lastKnownFileType = sourcecode.swift; path = KiraKiraTypeTwoView.swift; sourceTree = "<group>"; };
		23EF645F2C42472C001572BD /* ColorExtention.swift */ = {isa = PBXFileReference; lastKnownFileType = sourcecode.swift; path = ColorExtention.swift; sourceTree = "<group>"; };
		23EF64612C42485C001572BD /* FrankfrtText.swift */ = {isa = PBXFileReference; lastKnownFileType = sourcecode.swift; path = FrankfrtText.swift; sourceTree = "<group>"; };
		23EF64632C424873001572BD /* NeonText.swift */ = {isa = PBXFileReference; lastKnownFileType = sourcecode.swift; path = NeonText.swift; sourceTree = "<group>"; };
		23EF64652C424891001572BD /* PopText.swift */ = {isa = PBXFileReference; lastKnownFileType = sourcecode.swift; path = PopText.swift; sourceTree = "<group>"; };
		23EF64692C425CFC001572BD /* ArialCEMTBlack.ttf */ = {isa = PBXFileReference; lastKnownFileType = file; path = ArialCEMTBlack.ttf; sourceTree = "<group>"; };
		23EF646B2C425DAD001572BD /* Learning Curve Alt G.ttf */ = {isa = PBXFileReference; lastKnownFileType = file; path = "Learning Curve Alt G.ttf"; sourceTree = "<group>"; };
		722E83F82BE735EA007163D4 /* CardStackView.swift */ = {isa = PBXFileReference; fileEncoding = 4; lastKnownFileType = sourcecode.swift; path = CardStackView.swift; sourceTree = "<group>"; };
		722E83F92BE735EA007163D4 /* CardView.swift */ = {isa = PBXFileReference; fileEncoding = 4; lastKnownFileType = sourcecode.swift; path = CardView.swift; sourceTree = "<group>"; };
		722E83FB2BE735EA007163D4 /* SwipeActionIndicatorView.swift */ = {isa = PBXFileReference; fileEncoding = 4; lastKnownFileType = sourcecode.swift; path = SwipeActionIndicatorView.swift; sourceTree = "<group>"; };
		722E83FC2BE735EA007163D4 /* UserInfoView.swift */ = {isa = PBXFileReference; fileEncoding = 4; lastKnownFileType = sourcecode.swift; path = UserInfoView.swift; sourceTree = "<group>"; };
		722E84002BE735EA007163D4 /* SizeConstants.swift */ = {isa = PBXFileReference; fileEncoding = 4; lastKnownFileType = sourcecode.swift; path = SizeConstants.swift; sourceTree = "<group>"; };
		722E84022BE735EA007163D4 /* MatchingView.swift */ = {isa = PBXFileReference; fileEncoding = 4; lastKnownFileType = sourcecode.swift; path = MatchingView.swift; sourceTree = "<group>"; };
		722E84032BE735EA007163D4 /* MatchingViewModel.swift */ = {isa = PBXFileReference; fileEncoding = 4; lastKnownFileType = sourcecode.swift; path = MatchingViewModel.swift; sourceTree = "<group>"; };
		722E840E2BE73601007163D4 /* ImagePickerView.swift */ = {isa = PBXFileReference; fileEncoding = 4; lastKnownFileType = sourcecode.swift; path = ImagePickerView.swift; sourceTree = "<group>"; };
		722E84102BE73601007163D4 /* PostDescriptionView.swift */ = {isa = PBXFileReference; fileEncoding = 4; lastKnownFileType = sourcecode.swift; path = PostDescriptionView.swift; sourceTree = "<group>"; };
		722E84112BE73601007163D4 /* PostImageView.swift */ = {isa = PBXFileReference; fileEncoding = 4; lastKnownFileType = sourcecode.swift; path = PostImageView.swift; sourceTree = "<group>"; };
		722E84122BE73601007163D4 /* PostTitleView.swift */ = {isa = PBXFileReference; fileEncoding = 4; lastKnownFileType = sourcecode.swift; path = PostTitleView.swift; sourceTree = "<group>"; };
		722E84392BE7365F007163D4 /* DeveloperClient.swift */ = {isa = PBXFileReference; fileEncoding = 4; lastKnownFileType = sourcecode.swift; path = DeveloperClient.swift; sourceTree = "<group>"; };
		722E843B2BE7365F007163D4 /* ProductClient.swift */ = {isa = PBXFileReference; fileEncoding = 4; lastKnownFileType = sourcecode.swift; path = ProductClient.swift; sourceTree = "<group>"; };
		722E843C2BE7365F007163D4 /* ProductImageClient.swift */ = {isa = PBXFileReference; fileEncoding = 4; lastKnownFileType = sourcecode.swift; path = ProductImageClient.swift; sourceTree = "<group>"; };
		722E843F2BE7365F007163D4 /* CardData.swift */ = {isa = PBXFileReference; fileEncoding = 4; lastKnownFileType = sourcecode.swift; path = CardData.swift; sourceTree = "<group>"; };
		722E84402BE7365F007163D4 /* Developer.swift */ = {isa = PBXFileReference; fileEncoding = 4; lastKnownFileType = sourcecode.swift; path = Developer.swift; sourceTree = "<group>"; };
		722E84412BE7365F007163D4 /* Product.swift */ = {isa = PBXFileReference; fileEncoding = 4; lastKnownFileType = sourcecode.swift; path = Product.swift; sourceTree = "<group>"; };
		722E84432BE7365F007163D4 /* DeveloperRepository.swift */ = {isa = PBXFileReference; fileEncoding = 4; lastKnownFileType = sourcecode.swift; path = DeveloperRepository.swift; sourceTree = "<group>"; };
		722E84452BE7365F007163D4 /* ProductImageRepository.swift */ = {isa = PBXFileReference; fileEncoding = 4; lastKnownFileType = sourcecode.swift; path = ProductImageRepository.swift; sourceTree = "<group>"; };
		722E84462BE7365F007163D4 /* ProductRepository.swift */ = {isa = PBXFileReference; fileEncoding = 4; lastKnownFileType = sourcecode.swift; path = ProductRepository.swift; sourceTree = "<group>"; };
		722E84482BE7365F007163D4 /* DeveloperClientProtocol.swift */ = {isa = PBXFileReference; fileEncoding = 4; lastKnownFileType = sourcecode.swift; path = DeveloperClientProtocol.swift; sourceTree = "<group>"; };
		722E84492BE7365F007163D4 /* ProductClientProtocol.swift */ = {isa = PBXFileReference; fileEncoding = 4; lastKnownFileType = sourcecode.swift; path = ProductClientProtocol.swift; sourceTree = "<group>"; };
		722E844A2BE7365F007163D4 /* ProductImageClientProtocol.swift */ = {isa = PBXFileReference; fileEncoding = 4; lastKnownFileType = sourcecode.swift; path = ProductImageClientProtocol.swift; sourceTree = "<group>"; };
		722E844C2BE7365F007163D4 /* QRCodeRepository.swift */ = {isa = PBXFileReference; fileEncoding = 4; lastKnownFileType = sourcecode.swift; path = QRCodeRepository.swift; sourceTree = "<group>"; };
		722E844E2BE7365F007163D4 /* RepositoryDI.swift */ = {isa = PBXFileReference; fileEncoding = 4; lastKnownFileType = sourcecode.swift; path = RepositoryDI.swift; sourceTree = "<group>"; };
		722E84502BE7365F007163D4 /* CreateDeveloperUseCase.swift */ = {isa = PBXFileReference; fileEncoding = 4; lastKnownFileType = sourcecode.swift; path = CreateDeveloperUseCase.swift; sourceTree = "<group>"; };
		722E84512BE7365F007163D4 /* GetQRCodeUseCase.swift */ = {isa = PBXFileReference; fileEncoding = 4; lastKnownFileType = sourcecode.swift; path = GetQRCodeUseCase.swift; sourceTree = "<group>"; };
		722E84522BE7365F007163D4 /* GetDeveloperUseCase.swift */ = {isa = PBXFileReference; fileEncoding = 4; lastKnownFileType = sourcecode.swift; path = GetDeveloperUseCase.swift; sourceTree = "<group>"; };
		722E84532BE7365F007163D4 /* GetLoginDeveloperUseCase.swift */ = {isa = PBXFileReference; fileEncoding = 4; lastKnownFileType = sourcecode.swift; path = GetLoginDeveloperUseCase.swift; sourceTree = "<group>"; };
		722E84552BE7365F007163D4 /* GetProductImageUseCase.swift */ = {isa = PBXFileReference; fileEncoding = 4; lastKnownFileType = sourcecode.swift; path = GetProductImageUseCase.swift; sourceTree = "<group>"; };
		722E84562BE7365F007163D4 /* GetProductListUseCase.swift */ = {isa = PBXFileReference; fileEncoding = 4; lastKnownFileType = sourcecode.swift; path = GetProductListUseCase.swift; sourceTree = "<group>"; };
		722E84572BE7365F007163D4 /* PostProductUseCase.swift */ = {isa = PBXFileReference; fileEncoding = 4; lastKnownFileType = sourcecode.swift; path = PostProductUseCase.swift; sourceTree = "<group>"; };
		722E84592BE7365F007163D4 /* DeveloperImageRepositoryProtocol.swift */ = {isa = PBXFileReference; fileEncoding = 4; lastKnownFileType = sourcecode.swift; path = DeveloperImageRepositoryProtocol.swift; sourceTree = "<group>"; };
		722E845A2BE7365F007163D4 /* DeveloperRepositoryProtocol.swift */ = {isa = PBXFileReference; fileEncoding = 4; lastKnownFileType = sourcecode.swift; path = DeveloperRepositoryProtocol.swift; sourceTree = "<group>"; };
		722E845B2BE7365F007163D4 /* ProductImageRepositoryProtocol.swift */ = {isa = PBXFileReference; fileEncoding = 4; lastKnownFileType = sourcecode.swift; path = ProductImageRepositoryProtocol.swift; sourceTree = "<group>"; };
		722E845C2BE7365F007163D4 /* ProductRepositoryProtocol.swift */ = {isa = PBXFileReference; fileEncoding = 4; lastKnownFileType = sourcecode.swift; path = ProductRepositoryProtocol.swift; sourceTree = "<group>"; };
		722E845D2BE7365F007163D4 /* QRCodeProtocol.swift */ = {isa = PBXFileReference; fileEncoding = 4; lastKnownFileType = sourcecode.swift; path = QRCodeProtocol.swift; sourceTree = "<group>"; };
		722E845F2BE7365F007163D4 /* TakeScreenShotUseCase.swift */ = {isa = PBXFileReference; fileEncoding = 4; lastKnownFileType = sourcecode.swift; path = TakeScreenShotUseCase.swift; sourceTree = "<group>"; };
		722E84612BE7365F007163D4 /* UseCaseDI.swift */ = {isa = PBXFileReference; fileEncoding = 4; lastKnownFileType = sourcecode.swift; path = UseCaseDI.swift; sourceTree = "<group>"; };
		722E84822BE73A29007163D4 /* AccountView.swift */ = {isa = PBXFileReference; fileEncoding = 4; lastKnownFileType = sourcecode.swift; path = AccountView.swift; sourceTree = "<group>"; };
		722E84842BE73A29007163D4 /* KiraKiraViewModel.swift */ = {isa = PBXFileReference; fileEncoding = 4; lastKnownFileType = sourcecode.swift; path = KiraKiraViewModel.swift; sourceTree = "<group>"; };
		722E848E2BE73A42007163D4 /* HomeView.swift */ = {isa = PBXFileReference; fileEncoding = 4; lastKnownFileType = sourcecode.swift; path = HomeView.swift; sourceTree = "<group>"; };
		72389D572C34DA840006D44B /* PostView.swift */ = {isa = PBXFileReference; lastKnownFileType = sourcecode.swift; path = PostView.swift; sourceTree = "<group>"; };
		72389D592C36CC0E0006D44B /* PostViewModel.swift */ = {isa = PBXFileReference; lastKnownFileType = sourcecode.swift; path = PostViewModel.swift; sourceTree = "<group>"; };
		727952E82C1FF0B000788394 /* PickHashTagView.swift */ = {isa = PBXFileReference; lastKnownFileType = sourcecode.swift; path = PickHashTagView.swift; sourceTree = "<group>"; };
		727952F02C21B9ED00788394 /* LoginView.swift */ = {isa = PBXFileReference; lastKnownFileType = sourcecode.swift; path = LoginView.swift; sourceTree = "<group>"; };
		727952F72C21DA1700788394 /* frankfrt.ttf */ = {isa = PBXFileReference; lastKnownFileType = file; path = frankfrt.ttf; sourceTree = "<group>"; };
		7279530C2C21DF2700788394 /* Shrikhand-Regular.otf */ = {isa = PBXFileReference; lastKnownFileType = file; path = "Shrikhand-Regular.otf"; sourceTree = "<group>"; };
		7279530E2C21E3C400788394 /* LoginViewModel.swift */ = {isa = PBXFileReference; lastKnownFileType = sourcecode.swift; path = LoginViewModel.swift; sourceTree = "<group>"; };
		727953102C21E4D200788394 /* Assets.xcassets */ = {isa = PBXFileReference; lastKnownFileType = folder.assetcatalog; path = Assets.xcassets; sourceTree = "<group>"; };
		728E75B32BFC5139003D4C93 /* LottieView.swift */ = {isa = PBXFileReference; lastKnownFileType = sourcecode.swift; path = LottieView.swift; sourceTree = "<group>"; };
		728E75C12BFC7BAE003D4C93 /* LottieProgress.json */ = {isa = PBXFileReference; fileEncoding = 4; lastKnownFileType = text.json; path = LottieProgress.json; sourceTree = "<group>"; };
		72A8E00B2C04198500386DDD /* LoadImageFromLibraryUseCase.swift */ = {isa = PBXFileReference; lastKnownFileType = sourcecode.swift; path = LoadImageFromLibraryUseCase.swift; sourceTree = "<group>"; };
		72B3DB402BF2F928008BE7F9 /* HashTagView.swift */ = {isa = PBXFileReference; lastKnownFileType = sourcecode.swift; path = HashTagView.swift; sourceTree = "<group>"; };
		72B3DB422BF42D2F008BE7F9 /* PostHashTagView.swift */ = {isa = PBXFileReference; lastKnownFileType = sourcecode.swift; path = PostHashTagView.swift; sourceTree = "<group>"; };
		72B3DB472BF50E34008BE7F9 /* ChangeColor.swift */ = {isa = PBXFileReference; lastKnownFileType = sourcecode.swift; path = ChangeColor.swift; sourceTree = "<group>"; };
		72C1F9B92C4248A700A81E32 /* RemoveCardView.swift */ = {isa = PBXFileReference; lastKnownFileType = sourcecode.swift; path = RemoveCardView.swift; sourceTree = "<group>"; };
		72C1F9BB2C42B70E00A81E32 /* GetMyProductUseCase.swift */ = {isa = PBXFileReference; lastKnownFileType = sourcecode.swift; path = GetMyProductUseCase.swift; sourceTree = "<group>"; };
		72C1F9BD2C42BEF200A81E32 /* RemoveCardViewModel.swift */ = {isa = PBXFileReference; lastKnownFileType = sourcecode.swift; path = RemoveCardViewModel.swift; sourceTree = "<group>"; };
/* End PBXFileReference section */

/* Begin PBXFrameworksBuildPhase section */
		10472EE02BDFAFBB00C179F8 /* Frameworks */ = {
			isa = PBXFrameworksBuildPhase;
			buildActionMask = 2147483647;
			files = (
				103BF3712BE39C3E00818544 /* FirebaseFirestoreSwift in Frameworks */,
				103BF3752BE39C3E00818544 /* FirebaseStorageCombine-Community in Frameworks */,
				103BF36B2BE39C3E00818544 /* FirebaseDatabaseSwift in Frameworks */,
				10334AA12C2A6AD6004364B1 /* Kingfisher in Frameworks */,
				103BF36F2BE39C3E00818544 /* FirebaseFirestoreCombine-Community in Frameworks */,
				727952EC2C214ACB00788394 /* FirebaseAuth in Frameworks */,
				103BF3692BE39C3E00818544 /* FirebaseDatabase in Frameworks */,
				103BF36D2BE39C3E00818544 /* FirebaseFirestore in Frameworks */,
				103BF3732BE39C3E00818544 /* FirebaseStorage in Frameworks */,
				728E75B22BFC4A3B003D4C93 /* Lottie in Frameworks */,
				727952EE2C214ACB00788394 /* FirebaseAuthCombine-Community in Frameworks */,
			);
			runOnlyForDeploymentPostprocessing = 0;
		};
/* End PBXFrameworksBuildPhase section */

/* Begin PBXGroup section */
		10177A332BFA13EF00BA6078 /* Entity */ = {
			isa = PBXGroup;
			children = (
				722E843F2BE7365F007163D4 /* CardData.swift */,
				722E84402BE7365F007163D4 /* Developer.swift */,
				722E84412BE7365F007163D4 /* Product.swift */,
				10502C6D2C1E850700097342 /* HashTag.swift */,
			);
			path = Entity;
			sourceTree = "<group>";
		};
		10177A342BFA141600BA6078 /* Response */ = {
			isa = PBXGroup;
			children = (
				10D526242C243726004E66EA /* HashTagResponse.swift */,
				10177A352BFA148500BA6078 /* ProductResponse.swift */,
				10177A372BFA3A4500BA6078 /* DeveloperResponse.swift */,
			);
			path = Response;
			sourceTree = "<group>";
		};
		10261B082BE94625007D1606 /* KiraKira */ = {
			isa = PBXGroup;
			children = (
				23EF64582C424655001572BD /* KiraKiraDesign */,
				722E84842BE73A29007163D4 /* KiraKiraViewModel.swift */,
			);
			path = KiraKira;
			sourceTree = "<group>";
		};
		1041EFF42C316900002C9BDC /* HashTag */ = {
			isa = PBXGroup;
			children = (
				1041EFF52C316934002C9BDC /* GetHashTagsUseCase.swift */,
			);
			path = HashTag;
			sourceTree = "<group>";
		};
		10472EDA2BDFAFBB00C179F8 = {
			isa = PBXGroup;
			children = (
				10472EE52BDFAFBB00C179F8 /* Gitagram */,
				10472EE42BDFAFBB00C179F8 /* Products */,
				727952EA2C214ACB00788394 /* Frameworks */,
			);
			sourceTree = "<group>";
		};
		10472EE42BDFAFBB00C179F8 /* Products */ = {
			isa = PBXGroup;
			children = (
				10472EE32BDFAFBB00C179F8 /* Gitagram.app */,
			);
			name = Products;
			sourceTree = "<group>";
		};
		10472EE52BDFAFBB00C179F8 /* Gitagram */ = {
			isa = PBXGroup;
			children = (
				727952F22C21D8AF00788394 /* Font */,
				23B6E52E2BE7540F0049200B /* Info.plist */,
				103BF37A2BE3B17000818544 /* GoogleService-Info.plist */,
				10472EE62BDFAFBB00C179F8 /* GitagramApp.swift */,
				728E75C12BFC7BAE003D4C93 /* LottieProgress.json */,
				722E84632BE7365F007163D4 /* Model */,
				10472EF42BDFAFD700C179F8 /* View */,
				72B3DB462BF50DEC008BE7F9 /* Utils */,
				727953102C21E4D200788394 /* Assets.xcassets */,
				10472EEC2BDFAFBD00C179F8 /* Preview Content */,
			);
			path = Gitagram;
			sourceTree = "<group>";
		};
		10472EEC2BDFAFBD00C179F8 /* Preview Content */ = {
			isa = PBXGroup;
			children = (
				10472EED2BDFAFBD00C179F8 /* Preview Assets.xcassets */,
			);
			path = "Preview Content";
			sourceTree = "<group>";
		};
		10472EF42BDFAFD700C179F8 /* View */ = {
			isa = PBXGroup;
			children = (
				72C1F9B82C42484600A81E32 /* RemoveView */,
				727952EF2C21B9DC00788394 /* LoginView */,
				23B6E52C2BE73C1D0049200B /* ContentView.swift */,
				722E84882BE73A29007163D4 /* AccountView */,
				722E848F2BE73A42007163D4 /* HomeView */,
				722E84132BE73601007163D4 /* PostView */,
				722E84042BE735EA007163D4 /* MatchingView */,
				728E75B32BFC5139003D4C93 /* LottieView.swift */,
			);
			path = View;
			sourceTree = "<group>";
		};
		10D526212C243693004E66EA /* HashTag */ = {
			isa = PBXGroup;
			children = (
				10D526302C243CAE004E66EA /* TagProductClient.swift */,
				10D526292C243864004E66EA /* HashTagClient.swift */,
			);
			path = HashTag;
			sourceTree = "<group>";
		};
		10D5262D2C243A15004E66EA /* HashTag */ = {
			isa = PBXGroup;
			children = (
				10D5262E2C243A28004E66EA /* HashTagRepository.swift */,
			);
			path = HashTag;
			sourceTree = "<group>";
		};
		23EF64392C424407001572BD /* CardDesign */ = {
			isa = PBXGroup;
			children = (
				23EF643A2C424420001572BD /* AccountCardTypeOneView.swift */,
				23EF643C2C424440001572BD /* AccountCardTypeThreeView.swift */,
				23EF643E2C424453001572BD /* AccountCardTypeTwoView.swift */,
			);
			path = CardDesign;
			sourceTree = "<group>";
		};
		23EF64402C4244A3001572BD /* BackgroundDesign  */ = {
			isa = PBXGroup;
			children = (
				23EF64412C4244B6001572BD /* BackTypeOneView.swift */,
				23EF64432C4244D6001572BD /* BackTypeThreeView.swift */,
				23EF64452C4244EE001572BD /* BackTypeTwoView.swift */,
			);
			path = "BackgroundDesign ";
			sourceTree = "<group>";
		};
		23EF64472C424509001572BD /* ImageDesign  */ = {
			isa = PBXGroup;
			children = (
				23EF64482C42451F001572BD /* ImageCloudView.swift */,
				23EF644A2C424537001572BD /* ImageHeartView.swift */,
				23EF644C2C42454C001572BD /* ImageRainbowView.swift */,
			);
			path = "ImageDesign ";
			sourceTree = "<group>";
		};
		23EF644E2C424561001572BD /* QRDesign */ = {
			isa = PBXGroup;
			children = (
				23EF644F2C424573001572BD /* QRTypeOneView.swift */,
				23EF64512C424593001572BD /* QRTypeTwoView.swift */,
			);
			path = QRDesign;
			sourceTree = "<group>";
		};
		23EF64532C4245A5001572BD /* TextDesign */ = {
			isa = PBXGroup;
			children = (
				23EF64612C42485C001572BD /* FrankfrtText.swift */,
				23EF64632C424873001572BD /* NeonText.swift */,
				23EF64652C424891001572BD /* PopText.swift */,
			);
			path = TextDesign;
			sourceTree = "<group>";
		};
		23EF64582C424655001572BD /* KiraKiraDesign */ = {
			isa = PBXGroup;
			children = (
				23EF64592C424670001572BD /* KiraKiraTypeOneView.swift */,
				23EF645B2C424686001572BD /* KiraKiraTypeThreeView.swift */,
				23EF645D2C42469C001572BD /* KiraKiraTypeTwoView.swift */,
			);
			path = KiraKiraDesign;
			sourceTree = "<group>";
		};
		722E83FD2BE735EA007163D4 /* Component */ = {
			isa = PBXGroup;
			children = (
				722E83F82BE735EA007163D4 /* CardStackView.swift */,
				722E83F92BE735EA007163D4 /* CardView.swift */,
				722E83FB2BE735EA007163D4 /* SwipeActionIndicatorView.swift */,
				722E83FC2BE735EA007163D4 /* UserInfoView.swift */,
				72B3DB402BF2F928008BE7F9 /* HashTagView.swift */,
				727952E82C1FF0B000788394 /* PickHashTagView.swift */,
			);
			path = Component;
			sourceTree = "<group>";
		};
		722E84012BE735EA007163D4 /* Utils */ = {
			isa = PBXGroup;
			children = (
				722E84002BE735EA007163D4 /* SizeConstants.swift */,
			);
			path = Utils;
			sourceTree = "<group>";
		};
		722E84042BE735EA007163D4 /* MatchingView */ = {
			isa = PBXGroup;
			children = (
				722E83FD2BE735EA007163D4 /* Component */,
				722E84012BE735EA007163D4 /* Utils */,
				722E84022BE735EA007163D4 /* MatchingView.swift */,
				722E84032BE735EA007163D4 /* MatchingViewModel.swift */,
			);
			path = MatchingView;
			sourceTree = "<group>";
		};
		722E840F2BE73601007163D4 /* Component */ = {
			isa = PBXGroup;
			children = (
				722E840E2BE73601007163D4 /* ImagePickerView.swift */,
			);
			path = Component;
			sourceTree = "<group>";
		};
		722E84132BE73601007163D4 /* PostView */ = {
			isa = PBXGroup;
			children = (
				72389D572C34DA840006D44B /* PostView.swift */,
				722E840F2BE73601007163D4 /* Component */,
				722E84122BE73601007163D4 /* PostTitleView.swift */,
				722E84102BE73601007163D4 /* PostDescriptionView.swift */,
				10261AFE2BE8FCF2007D1606 /* PostURLView.swift */,
				72B3DB422BF42D2F008BE7F9 /* PostHashTagView.swift */,
				722E84112BE73601007163D4 /* PostImageView.swift */,
				72389D592C36CC0E0006D44B /* PostViewModel.swift */,
			);
			path = PostView;
			sourceTree = "<group>";
		};
		722E843A2BE7365F007163D4 /* Developer */ = {
			isa = PBXGroup;
			children = (
				722E84392BE7365F007163D4 /* DeveloperClient.swift */,
			);
			path = Developer;
			sourceTree = "<group>";
		};
		722E843D2BE7365F007163D4 /* Product */ = {
			isa = PBXGroup;
			children = (
				722E843B2BE7365F007163D4 /* ProductClient.swift */,
				722E843C2BE7365F007163D4 /* ProductImageClient.swift */,
			);
			path = Product;
			sourceTree = "<group>";
		};
		722E843E2BE7365F007163D4 /* Client */ = {
			isa = PBXGroup;
			children = (
				10D526212C243693004E66EA /* HashTag */,
				722E843A2BE7365F007163D4 /* Developer */,
				722E843D2BE7365F007163D4 /* Product */,
			);
			path = Client;
			sourceTree = "<group>";
		};
		722E84422BE7365F007163D4 /* DataModel */ = {
			isa = PBXGroup;
			children = (
				10177A342BFA141600BA6078 /* Response */,
				10177A332BFA13EF00BA6078 /* Entity */,
			);
			path = DataModel;
			sourceTree = "<group>";
		};
		722E84442BE7365F007163D4 /* Developer */ = {
			isa = PBXGroup;
			children = (
				722E84432BE7365F007163D4 /* DeveloperRepository.swift */,
			);
			path = Developer;
			sourceTree = "<group>";
		};
		722E84472BE7365F007163D4 /* Product */ = {
			isa = PBXGroup;
			children = (
				722E84452BE7365F007163D4 /* ProductImageRepository.swift */,
				722E84462BE7365F007163D4 /* ProductRepository.swift */,
			);
			path = Product;
			sourceTree = "<group>";
		};
		722E844B2BE7365F007163D4 /* Protocol */ = {
			isa = PBXGroup;
			children = (
				10D526262C2437EF004E66EA /* HashTagClientProtocol.swift */,
				722E84482BE7365F007163D4 /* DeveloperClientProtocol.swift */,
				722E84492BE7365F007163D4 /* ProductClientProtocol.swift */,
				722E844A2BE7365F007163D4 /* ProductImageClientProtocol.swift */,
			);
			path = Protocol;
			sourceTree = "<group>";
		};
		722E844D2BE7365F007163D4 /* QRCode */ = {
			isa = PBXGroup;
			children = (
				722E844C2BE7365F007163D4 /* QRCodeRepository.swift */,
			);
			path = QRCode;
			sourceTree = "<group>";
		};
		722E844F2BE7365F007163D4 /* Repository */ = {
			isa = PBXGroup;
			children = (
				10D5262D2C243A15004E66EA /* HashTag */,
				722E84442BE7365F007163D4 /* Developer */,
				722E84472BE7365F007163D4 /* Product */,
				722E844B2BE7365F007163D4 /* Protocol */,
				722E844D2BE7365F007163D4 /* QRCode */,
				722E844E2BE7365F007163D4 /* RepositoryDI.swift */,
			);
			path = Repository;
			sourceTree = "<group>";
		};
		722E84542BE7365F007163D4 /* Developer */ = {
			isa = PBXGroup;
			children = (
				722E84502BE7365F007163D4 /* CreateDeveloperUseCase.swift */,
				722E84512BE7365F007163D4 /* GetQRCodeUseCase.swift */,
				722E84522BE7365F007163D4 /* GetDeveloperUseCase.swift */,
				722E84532BE7365F007163D4 /* GetLoginDeveloperUseCase.swift */,
			);
			path = Developer;
			sourceTree = "<group>";
		};
		722E84582BE7365F007163D4 /* Product */ = {
			isa = PBXGroup;
			children = (
				722E84552BE7365F007163D4 /* GetProductImageUseCase.swift */,
				722E84562BE7365F007163D4 /* GetProductListUseCase.swift */,
				722E84572BE7365F007163D4 /* PostProductUseCase.swift */,
				72A8E00B2C04198500386DDD /* LoadImageFromLibraryUseCase.swift */,
				72C1F9BB2C42B70E00A81E32 /* GetMyProductUseCase.swift */,
			);
			path = Product;
			sourceTree = "<group>";
		};
		722E845E2BE7365F007163D4 /* Protocol */ = {
			isa = PBXGroup;
			children = (
				10D526322C243CE5004E66EA /* HashTagProductClientProtocol.swift */,
				10D5262B2C24398A004E66EA /* HashTagRepositoryProtocol.swift */,
				722E84592BE7365F007163D4 /* DeveloperImageRepositoryProtocol.swift */,
				722E845A2BE7365F007163D4 /* DeveloperRepositoryProtocol.swift */,
				722E845B2BE7365F007163D4 /* ProductImageRepositoryProtocol.swift */,
				722E845C2BE7365F007163D4 /* ProductRepositoryProtocol.swift */,
				722E845D2BE7365F007163D4 /* QRCodeProtocol.swift */,
			);
			path = Protocol;
			sourceTree = "<group>";
		};
		722E84602BE7365F007163D4 /* Util */ = {
			isa = PBXGroup;
			children = (
				722E845F2BE7365F007163D4 /* TakeScreenShotUseCase.swift */,
			);
			path = Util;
			sourceTree = "<group>";
		};
		722E84622BE7365F007163D4 /* UseCase */ = {
			isa = PBXGroup;
			children = (
				1041EFF42C316900002C9BDC /* HashTag */,
				722E84542BE7365F007163D4 /* Developer */,
				722E84582BE7365F007163D4 /* Product */,
				722E845E2BE7365F007163D4 /* Protocol */,
				722E84602BE7365F007163D4 /* Util */,
				722E84612BE7365F007163D4 /* UseCaseDI.swift */,
			);
			path = UseCase;
			sourceTree = "<group>";
		};
		722E84632BE7365F007163D4 /* Model */ = {
			isa = PBXGroup;
			children = (
				722E843E2BE7365F007163D4 /* Client */,
				722E84422BE7365F007163D4 /* DataModel */,
				722E844F2BE7365F007163D4 /* Repository */,
				722E84622BE7365F007163D4 /* UseCase */,
			);
			path = Model;
			sourceTree = "<group>";
		};
		722E84832BE73A29007163D4 /* Component */ = {
			isa = PBXGroup;
			children = (
				23EF64542C4245CE001572BD /* ShareSheet.swift */,
				23EF64562C4245F9001572BD /* StrokeBackground.swift */,
				23EF64532C4245A5001572BD /* TextDesign */,
				23EF644E2C424561001572BD /* QRDesign */,
				23EF64472C424509001572BD /* ImageDesign  */,
				23EF64402C4244A3001572BD /* BackgroundDesign  */,
			);
			path = Component;
			sourceTree = "<group>";
		};
		722E84882BE73A29007163D4 /* AccountView */ = {
			isa = PBXGroup;
			children = (
				722E84822BE73A29007163D4 /* AccountView.swift */,
				10261B092BE94695007D1606 /* AccountViewModel.swift */,
				23EF64392C424407001572BD /* CardDesign */,
				722E84832BE73A29007163D4 /* Component */,
				10261B082BE94625007D1606 /* KiraKira */,
			);
			path = AccountView;
			sourceTree = "<group>";
		};
		722E848F2BE73A42007163D4 /* HomeView */ = {
			isa = PBXGroup;
			children = (
				722E848E2BE73A42007163D4 /* HomeView.swift */,
			);
			path = HomeView;
			sourceTree = "<group>";
		};
		727952EA2C214ACB00788394 /* Frameworks */ = {
			isa = PBXGroup;
			children = (
			);
			name = Frameworks;
			sourceTree = "<group>";
		};
		727952EF2C21B9DC00788394 /* LoginView */ = {
			isa = PBXGroup;
			children = (
				727952F02C21B9ED00788394 /* LoginView.swift */,
				7279530E2C21E3C400788394 /* LoginViewModel.swift */,
			);
			path = LoginView;
			sourceTree = "<group>";
		};
		727952F22C21D8AF00788394 /* Font */ = {
			isa = PBXGroup;
			children = (
				23EF64692C425CFC001572BD /* ArialCEMTBlack.ttf */,
				7279530C2C21DF2700788394 /* Shrikhand-Regular.otf */,
				23EF646B2C425DAD001572BD /* Learning Curve Alt G.ttf */,
				727952F72C21DA1700788394 /* frankfrt.ttf */,
			);
			path = Font;
			sourceTree = "<group>";
		};
		72B3DB462BF50DEC008BE7F9 /* Utils */ = {
			isa = PBXGroup;
			children = (
				1099AC002C2C5B840001E52B /* GitHubLoader.swift */,
				72B3DB472BF50E34008BE7F9 /* ChangeColor.swift */,
				23EF645F2C42472C001572BD /* ColorExtention.swift */,
			);
			path = Utils;
			sourceTree = "<group>";
		};
		72C1F9B82C42484600A81E32 /* RemoveView */ = {
			isa = PBXGroup;
			children = (
				72C1F9B92C4248A700A81E32 /* RemoveCardView.swift */,
				72C1F9BD2C42BEF200A81E32 /* RemoveCardViewModel.swift */,
			);
			path = RemoveView;
			sourceTree = "<group>";
		};
/* End PBXGroup section */

/* Begin PBXNativeTarget section */
		10472EE22BDFAFBB00C179F8 /* Gitagram */ = {
			isa = PBXNativeTarget;
			buildConfigurationList = 10472EF12BDFAFBD00C179F8 /* Build configuration list for PBXNativeTarget "Gitagram" */;
			buildPhases = (
				10472EDF2BDFAFBB00C179F8 /* Sources */,
				10472EE02BDFAFBB00C179F8 /* Frameworks */,
				10472EE12BDFAFBB00C179F8 /* Resources */,
			);
			buildRules = (
			);
			dependencies = (
			);
			name = Gitagram;
			packageProductDependencies = (
				103BF3682BE39C3E00818544 /* FirebaseDatabase */,
				103BF36A2BE39C3E00818544 /* FirebaseDatabaseSwift */,
				103BF36C2BE39C3E00818544 /* FirebaseFirestore */,
				103BF36E2BE39C3E00818544 /* FirebaseFirestoreCombine-Community */,
				103BF3702BE39C3E00818544 /* FirebaseFirestoreSwift */,
				103BF3722BE39C3E00818544 /* FirebaseStorage */,
				103BF3742BE39C3E00818544 /* FirebaseStorageCombine-Community */,
				728E75B12BFC4A3B003D4C93 /* Lottie */,
				727952EB2C214ACB00788394 /* FirebaseAuth */,
				727952ED2C214ACB00788394 /* FirebaseAuthCombine-Community */,
				10334AA02C2A6AD6004364B1 /* Kingfisher */,
			);
			productName = Gitagram;
			productReference = 10472EE32BDFAFBB00C179F8 /* Gitagram.app */;
			productType = "com.apple.product-type.application";
		};
/* End PBXNativeTarget section */

/* Begin PBXProject section */
		10472EDB2BDFAFBB00C179F8 /* Project object */ = {
			isa = PBXProject;
			attributes = {
				BuildIndependentTargetsInParallel = 1;
				LastSwiftUpdateCheck = 1530;
				LastUpgradeCheck = 1530;
				TargetAttributes = {
					10472EE22BDFAFBB00C179F8 = {
						CreatedOnToolsVersion = 15.3;
					};
				};
			};
			buildConfigurationList = 10472EDE2BDFAFBB00C179F8 /* Build configuration list for PBXProject "Gitagram" */;
			compatibilityVersion = "Xcode 14.0";
			developmentRegion = en;
			hasScannedForEncodings = 0;
			knownRegions = (
				en,
				Base,
			);
			mainGroup = 10472EDA2BDFAFBB00C179F8;
			packageReferences = (
				103BF3672BE39C3E00818544 /* XCRemoteSwiftPackageReference "firebase-ios-sdk" */,
				728E75B02BFC4A3B003D4C93 /* XCRemoteSwiftPackageReference "lottie-ios" */,
				10334A9F2C2A6AD6004364B1 /* XCRemoteSwiftPackageReference "Kingfisher" */,
			);
			productRefGroup = 10472EE42BDFAFBB00C179F8 /* Products */;
			projectDirPath = "";
			projectRoot = "";
			targets = (
				10472EE22BDFAFBB00C179F8 /* Gitagram */,
			);
		};
/* End PBXProject section */

/* Begin PBXResourcesBuildPhase section */
		10472EE12BDFAFBB00C179F8 /* Resources */ = {
			isa = PBXResourcesBuildPhase;
			buildActionMask = 2147483647;
			files = (
				728E75C22BFC7BAE003D4C93 /* LottieProgress.json in Resources */,
				23EF646C2C425DAE001572BD /* Learning Curve Alt G.ttf in Resources */,
				7279530D2C21DF2700788394 /* Shrikhand-Regular.otf in Resources */,
				10472EEE2BDFAFBD00C179F8 /* Preview Assets.xcassets in Resources */,
				727952F82C21DA1700788394 /* frankfrt.ttf in Resources */,
				727953112C21E4D200788394 /* Assets.xcassets in Resources */,
				23EF646A2C425CFD001572BD /* ArialCEMTBlack.ttf in Resources */,
				103BF37B2BE3B17000818544 /* GoogleService-Info.plist in Resources */,
			);
			runOnlyForDeploymentPostprocessing = 0;
		};
/* End PBXResourcesBuildPhase section */

/* Begin PBXSourcesBuildPhase section */
		10472EDF2BDFAFBB00C179F8 /* Sources */ = {
			isa = PBXSourcesBuildPhase;
			buildActionMask = 2147483647;
			files = (
				72389D5A2C36CC0E0006D44B /* PostViewModel.swift in Sources */,
				23EF64442C4244D7001572BD /* BackTypeThreeView.swift in Sources */,
				1041EFF62C316943002C9BDC /* GetHashTagsUseCase.swift in Sources */,
				23EF64492C42451F001572BD /* ImageCloudView.swift in Sources */,
				722E84792BE7365F007163D4 /* DeveloperImageRepositoryProtocol.swift in Sources */,
				722E846F2BE7365F007163D4 /* ProductImageClientProtocol.swift in Sources */,
				722E84702BE7365F007163D4 /* QRCodeRepository.swift in Sources */,
				722E840D2BE735EA007163D4 /* MatchingViewModel.swift in Sources */,
				72B3DB412BF2F928008BE7F9 /* HashTagView.swift in Sources */,
				72C1F9BC2C42B70E00A81E32 /* GetMyProductUseCase.swift in Sources */,
				10D526272C2437F0004E66EA /* HashTagClientProtocol.swift in Sources */,
				23EF64552C4245CE001572BD /* ShareSheet.swift in Sources */,
				23EF643D2C424440001572BD /* AccountCardTypeThreeView.swift in Sources */,
				722E84752BE7365F007163D4 /* GetLoginDeveloperUseCase.swift in Sources */,
				722E84732BE7365F007163D4 /* GetQRCodeUseCase.swift in Sources */,
				722E84682BE7365F007163D4 /* Developer.swift in Sources */,
				23EF643B2C424420001572BD /* AccountCardTypeOneView.swift in Sources */,
				7279530F2C21E3C400788394 /* LoginViewModel.swift in Sources */,
				722E84062BE735EA007163D4 /* CardView.swift in Sources */,
				10D526252C243731004E66EA /* HashTagResponse.swift in Sources */,
				722E846E2BE7365F007163D4 /* ProductClientProtocol.swift in Sources */,
				72389D582C34DA840006D44B /* PostView.swift in Sources */,
				23EF645A2C424670001572BD /* KiraKiraTypeOneView.swift in Sources */,
				722E847C2BE7365F007163D4 /* ProductRepositoryProtocol.swift in Sources */,
				727952E92C1FF0B000788394 /* PickHashTagView.swift in Sources */,
				722E84172BE73601007163D4 /* PostTitleView.swift in Sources */,
				10177A362BFA148500BA6078 /* ProductResponse.swift in Sources */,
				722E84762BE7365F007163D4 /* GetProductImageUseCase.swift in Sources */,
				72C1F9BA2C4248A700A81E32 /* RemoveCardView.swift in Sources */,
				722E84142BE73601007163D4 /* ImagePickerView.swift in Sources */,
				10261B0A2BE94695007D1606 /* AccountViewModel.swift in Sources */,
				722E846B2BE7365F007163D4 /* ProductImageRepository.swift in Sources */,
				10D526332C243CE6004E66EA /* HashTagProductClientProtocol.swift in Sources */,
				722E847E2BE7365F007163D4 /* TakeScreenShotUseCase.swift in Sources */,
				722E84642BE7365F007163D4 /* DeveloperClient.swift in Sources */,
				722E84092BE735EA007163D4 /* UserInfoView.swift in Sources */,
				23EF64572C4245F9001572BD /* StrokeBackground.swift in Sources */,
				72C1F9BE2C42BEF200A81E32 /* RemoveCardViewModel.swift in Sources */,
				10472EE72BDFAFBB00C179F8 /* GitagramApp.swift in Sources */,
				722E84052BE735EA007163D4 /* CardStackView.swift in Sources */,
				72B3DB432BF42D2F008BE7F9 /* PostHashTagView.swift in Sources */,
				23EF64422C4244B6001572BD /* BackTypeOneView.swift in Sources */,
				722E847D2BE7365F007163D4 /* QRCodeProtocol.swift in Sources */,
				23EF64502C424573001572BD /* QRTypeOneView.swift in Sources */,
				10502C6E2C1E850700097342 /* HashTag.swift in Sources */,
				10261AFF2BE8FCF2007D1606 /* PostURLView.swift in Sources */,
				722E840C2BE735EA007163D4 /* MatchingView.swift in Sources */,
				722E847B2BE7365F007163D4 /* ProductImageRepositoryProtocol.swift in Sources */,
				722E848A2BE73A2A007163D4 /* AccountView.swift in Sources */,
				10D5262C2C2439C1004E66EA /* HashTagRepositoryProtocol.swift in Sources */,
				722E84772BE7365F007163D4 /* GetProductListUseCase.swift in Sources */,
				10D526312C243CB6004E66EA /* TagProductClient.swift in Sources */,
				722E840B2BE735EA007163D4 /* SizeConstants.swift in Sources */,
				23EF64642C424873001572BD /* NeonText.swift in Sources */,
				10D5262F2C243A2E004E66EA /* HashTagRepository.swift in Sources */,
				722E84082BE735EA007163D4 /* SwipeActionIndicatorView.swift in Sources */,
				722E84162BE73601007163D4 /* PostImageView.swift in Sources */,
				722E847F2BE7365F007163D4 /* UseCaseDI.swift in Sources */,
				722E84782BE7365F007163D4 /* PostProductUseCase.swift in Sources */,
				722E84722BE7365F007163D4 /* CreateDeveloperUseCase.swift in Sources */,
				722E846A2BE7365F007163D4 /* DeveloperRepository.swift in Sources */,
				10D5262A2C243867004E66EA /* HashTagClient.swift in Sources */,
				722E848B2BE73A2A007163D4 /* KiraKiraViewModel.swift in Sources */,
				722E84742BE7365F007163D4 /* GetDeveloperUseCase.swift in Sources */,
				23EF643F2C424454001572BD /* AccountCardTypeTwoView.swift in Sources */,
				722E84712BE7365F007163D4 /* RepositoryDI.swift in Sources */,
				23EF64602C42472C001572BD /* ColorExtention.swift in Sources */,
				23EF644B2C424537001572BD /* ImageHeartView.swift in Sources */,
				727952F12C21B9ED00788394 /* LoginView.swift in Sources */,
				10177A382BFA3A4500BA6078 /* DeveloperResponse.swift in Sources */,
				23EF645E2C42469C001572BD /* KiraKiraTypeTwoView.swift in Sources */,
				23EF64662C424892001572BD /* PopText.swift in Sources */,
				1099AC012C2C5B8A0001E52B /* GitHubLoader.swift in Sources */,
				23EF64622C42485C001572BD /* FrankfrtText.swift in Sources */,
				72A8E00C2C04198500386DDD /* LoadImageFromLibraryUseCase.swift in Sources */,
				728E75B42BFC5139003D4C93 /* LottieView.swift in Sources */,
				722E84672BE7365F007163D4 /* CardData.swift in Sources */,
				722E846D2BE7365F007163D4 /* DeveloperClientProtocol.swift in Sources */,
				722E84152BE73601007163D4 /* PostDescriptionView.swift in Sources */,
				722E846C2BE7365F007163D4 /* ProductRepository.swift in Sources */,
				722E84662BE7365F007163D4 /* ProductImageClient.swift in Sources */,
				23EF64462C4244EE001572BD /* BackTypeTwoView.swift in Sources */,
				23EF64522C424593001572BD /* QRTypeTwoView.swift in Sources */,
				23EF644D2C42454C001572BD /* ImageRainbowView.swift in Sources */,
				23EF645C2C424686001572BD /* KiraKiraTypeThreeView.swift in Sources */,
				23B6E52D2BE73C1D0049200B /* ContentView.swift in Sources */,
				722E847A2BE7365F007163D4 /* DeveloperRepositoryProtocol.swift in Sources */,
				722E84902BE73A42007163D4 /* HomeView.swift in Sources */,
				722E84652BE7365F007163D4 /* ProductClient.swift in Sources */,
				722E84692BE7365F007163D4 /* Product.swift in Sources */,
				72B3DB482BF50E34008BE7F9 /* ChangeColor.swift in Sources */,
			);
			runOnlyForDeploymentPostprocessing = 0;
		};
/* End PBXSourcesBuildPhase section */

/* Begin XCBuildConfiguration section */
		10472EEF2BDFAFBD00C179F8 /* Debug */ = {
			isa = XCBuildConfiguration;
			buildSettings = {
				ALWAYS_SEARCH_USER_PATHS = NO;
				ASSETCATALOG_COMPILER_GENERATE_SWIFT_ASSET_SYMBOL_EXTENSIONS = YES;
				CLANG_ANALYZER_NONNULL = YES;
				CLANG_ANALYZER_NUMBER_OBJECT_CONVERSION = YES_AGGRESSIVE;
				CLANG_CXX_LANGUAGE_STANDARD = "gnu++20";
				CLANG_ENABLE_MODULES = YES;
				CLANG_ENABLE_OBJC_ARC = YES;
				CLANG_ENABLE_OBJC_WEAK = YES;
				CLANG_WARN_BLOCK_CAPTURE_AUTORELEASING = YES;
				CLANG_WARN_BOOL_CONVERSION = YES;
				CLANG_WARN_COMMA = YES;
				CLANG_WARN_CONSTANT_CONVERSION = YES;
				CLANG_WARN_DEPRECATED_OBJC_IMPLEMENTATIONS = YES;
				CLANG_WARN_DIRECT_OBJC_ISA_USAGE = YES_ERROR;
				CLANG_WARN_DOCUMENTATION_COMMENTS = YES;
				CLANG_WARN_EMPTY_BODY = YES;
				CLANG_WARN_ENUM_CONVERSION = YES;
				CLANG_WARN_INFINITE_RECURSION = YES;
				CLANG_WARN_INT_CONVERSION = YES;
				CLANG_WARN_NON_LITERAL_NULL_CONVERSION = YES;
				CLANG_WARN_OBJC_IMPLICIT_RETAIN_SELF = YES;
				CLANG_WARN_OBJC_LITERAL_CONVERSION = YES;
				CLANG_WARN_OBJC_ROOT_CLASS = YES_ERROR;
				CLANG_WARN_QUOTED_INCLUDE_IN_FRAMEWORK_HEADER = YES;
				CLANG_WARN_RANGE_LOOP_ANALYSIS = YES;
				CLANG_WARN_STRICT_PROTOTYPES = YES;
				CLANG_WARN_SUSPICIOUS_MOVE = YES;
				CLANG_WARN_UNGUARDED_AVAILABILITY = YES_AGGRESSIVE;
				CLANG_WARN_UNREACHABLE_CODE = YES;
				CLANG_WARN__DUPLICATE_METHOD_MATCH = YES;
				COPY_PHASE_STRIP = NO;
				DEBUG_INFORMATION_FORMAT = dwarf;
				ENABLE_STRICT_OBJC_MSGSEND = YES;
				ENABLE_TESTABILITY = YES;
				ENABLE_USER_SCRIPT_SANDBOXING = YES;
				GCC_C_LANGUAGE_STANDARD = gnu17;
				GCC_DYNAMIC_NO_PIC = NO;
				GCC_NO_COMMON_BLOCKS = YES;
				GCC_OPTIMIZATION_LEVEL = 0;
				GCC_PREPROCESSOR_DEFINITIONS = (
					"DEBUG=1",
					"$(inherited)",
				);
				GCC_WARN_64_TO_32_BIT_CONVERSION = YES;
				GCC_WARN_ABOUT_RETURN_TYPE = YES_ERROR;
				GCC_WARN_UNDECLARED_SELECTOR = YES;
				GCC_WARN_UNINITIALIZED_AUTOS = YES_AGGRESSIVE;
				GCC_WARN_UNUSED_FUNCTION = YES;
				GCC_WARN_UNUSED_VARIABLE = YES;
				IPHONEOS_DEPLOYMENT_TARGET = 17.0;
				LOCALIZATION_PREFERS_STRING_CATALOGS = YES;
				MTL_ENABLE_DEBUG_INFO = INCLUDE_SOURCE;
				MTL_FAST_MATH = YES;
				ONLY_ACTIVE_ARCH = YES;
				SDKROOT = iphoneos;
				SWIFT_ACTIVE_COMPILATION_CONDITIONS = "DEBUG $(inherited)";
				SWIFT_OPTIMIZATION_LEVEL = "-Onone";
			};
			name = Debug;
		};
		10472EF02BDFAFBD00C179F8 /* Release */ = {
			isa = XCBuildConfiguration;
			buildSettings = {
				ALWAYS_SEARCH_USER_PATHS = NO;
				ASSETCATALOG_COMPILER_GENERATE_SWIFT_ASSET_SYMBOL_EXTENSIONS = YES;
				CLANG_ANALYZER_NONNULL = YES;
				CLANG_ANALYZER_NUMBER_OBJECT_CONVERSION = YES_AGGRESSIVE;
				CLANG_CXX_LANGUAGE_STANDARD = "gnu++20";
				CLANG_ENABLE_MODULES = YES;
				CLANG_ENABLE_OBJC_ARC = YES;
				CLANG_ENABLE_OBJC_WEAK = YES;
				CLANG_WARN_BLOCK_CAPTURE_AUTORELEASING = YES;
				CLANG_WARN_BOOL_CONVERSION = YES;
				CLANG_WARN_COMMA = YES;
				CLANG_WARN_CONSTANT_CONVERSION = YES;
				CLANG_WARN_DEPRECATED_OBJC_IMPLEMENTATIONS = YES;
				CLANG_WARN_DIRECT_OBJC_ISA_USAGE = YES_ERROR;
				CLANG_WARN_DOCUMENTATION_COMMENTS = YES;
				CLANG_WARN_EMPTY_BODY = YES;
				CLANG_WARN_ENUM_CONVERSION = YES;
				CLANG_WARN_INFINITE_RECURSION = YES;
				CLANG_WARN_INT_CONVERSION = YES;
				CLANG_WARN_NON_LITERAL_NULL_CONVERSION = YES;
				CLANG_WARN_OBJC_IMPLICIT_RETAIN_SELF = YES;
				CLANG_WARN_OBJC_LITERAL_CONVERSION = YES;
				CLANG_WARN_OBJC_ROOT_CLASS = YES_ERROR;
				CLANG_WARN_QUOTED_INCLUDE_IN_FRAMEWORK_HEADER = YES;
				CLANG_WARN_RANGE_LOOP_ANALYSIS = YES;
				CLANG_WARN_STRICT_PROTOTYPES = YES;
				CLANG_WARN_SUSPICIOUS_MOVE = YES;
				CLANG_WARN_UNGUARDED_AVAILABILITY = YES_AGGRESSIVE;
				CLANG_WARN_UNREACHABLE_CODE = YES;
				CLANG_WARN__DUPLICATE_METHOD_MATCH = YES;
				COPY_PHASE_STRIP = NO;
				DEBUG_INFORMATION_FORMAT = "dwarf-with-dsym";
				ENABLE_NS_ASSERTIONS = NO;
				ENABLE_STRICT_OBJC_MSGSEND = YES;
				ENABLE_USER_SCRIPT_SANDBOXING = YES;
				GCC_C_LANGUAGE_STANDARD = gnu17;
				GCC_NO_COMMON_BLOCKS = YES;
				GCC_WARN_64_TO_32_BIT_CONVERSION = YES;
				GCC_WARN_ABOUT_RETURN_TYPE = YES_ERROR;
				GCC_WARN_UNDECLARED_SELECTOR = YES;
				GCC_WARN_UNINITIALIZED_AUTOS = YES_AGGRESSIVE;
				GCC_WARN_UNUSED_FUNCTION = YES;
				GCC_WARN_UNUSED_VARIABLE = YES;
				IPHONEOS_DEPLOYMENT_TARGET = 17.0;
				LOCALIZATION_PREFERS_STRING_CATALOGS = YES;
				MTL_ENABLE_DEBUG_INFO = NO;
				MTL_FAST_MATH = YES;
				SDKROOT = iphoneos;
				SWIFT_COMPILATION_MODE = wholemodule;
				VALIDATE_PRODUCT = YES;
			};
			name = Release;
		};
		10472EF22BDFAFBD00C179F8 /* Debug */ = {
			isa = XCBuildConfiguration;
			buildSettings = {
				ASSETCATALOG_COMPILER_APPICON_NAME = AppIcon;
				ASSETCATALOG_COMPILER_GLOBAL_ACCENT_COLOR_NAME = AccentColor;
				CODE_SIGN_STYLE = Automatic;
				CURRENT_PROJECT_VERSION = 1;
				DEVELOPMENT_ASSET_PATHS = "\"Gitagram/Preview Content\"";
				DEVELOPMENT_TEAM = JF588QJYD3;
				ENABLE_PREVIEWS = YES;
				GENERATE_INFOPLIST_FILE = YES;
				INFOPLIST_FILE = Gitagram/Info.plist;
				INFOPLIST_KEY_LSApplicationCategoryType = "";
				INFOPLIST_KEY_NSCameraUsageDescription = "リポジトリの写真を撮影します";
				INFOPLIST_KEY_NSPhotoLibraryAddUsageDescription = "リポジトリの画像、QRコードの保存に使用します";
				INFOPLIST_KEY_NSPhotoLibraryUsageDescription = "リポジトリの画像に使用します";
				INFOPLIST_KEY_UIApplicationSceneManifest_Generation = YES;
				INFOPLIST_KEY_UIApplicationSupportsIndirectInputEvents = YES;
				INFOPLIST_KEY_UILaunchScreen_Generation = YES;
				INFOPLIST_KEY_UISupportedInterfaceOrientations = UIInterfaceOrientationPortrait;
				INFOPLIST_KEY_UISupportedInterfaceOrientations_iPad = "UIInterfaceOrientationLandscapeLeft UIInterfaceOrientationLandscapeRight UIInterfaceOrientationPortrait UIInterfaceOrientationPortraitUpsideDown";
				INFOPLIST_KEY_UIUserInterfaceStyle = Light;
				IPHONEOS_DEPLOYMENT_TARGET = 17.0;
				LD_RUNPATH_SEARCH_PATHS = (
					"$(inherited)",
					"@executable_path/Frameworks",
				);
				MARKETING_VERSION = 1.0;
				PRODUCT_BUNDLE_IDENTIFIER = com.shuto.Gitagram;
				PRODUCT_NAME = "$(TARGET_NAME)";
				SUPPORTED_PLATFORMS = "iphoneos iphonesimulator";
				SUPPORTS_MACCATALYST = NO;
				SWIFT_EMIT_LOC_STRINGS = YES;
				SWIFT_VERSION = 5.0;
				TARGETED_DEVICE_FAMILY = 1;
			};
			name = Debug;
		};
		10472EF32BDFAFBD00C179F8 /* Release */ = {
			isa = XCBuildConfiguration;
			buildSettings = {
				ASSETCATALOG_COMPILER_APPICON_NAME = AppIcon;
				ASSETCATALOG_COMPILER_GLOBAL_ACCENT_COLOR_NAME = AccentColor;
				CODE_SIGN_STYLE = Automatic;
				CURRENT_PROJECT_VERSION = 1;
				DEVELOPMENT_ASSET_PATHS = "\"Gitagram/Preview Content\"";
				DEVELOPMENT_TEAM = JF588QJYD3;
				ENABLE_PREVIEWS = YES;
				GENERATE_INFOPLIST_FILE = YES;
				INFOPLIST_FILE = Gitagram/Info.plist;
				INFOPLIST_KEY_LSApplicationCategoryType = "";
				INFOPLIST_KEY_NSCameraUsageDescription = "リポジトリの写真を撮影します";
				INFOPLIST_KEY_NSPhotoLibraryAddUsageDescription = "リポジトリの画像、QRコードの保存に使用します";
				INFOPLIST_KEY_NSPhotoLibraryUsageDescription = "リポジトリの画像に使用します";
				INFOPLIST_KEY_UIApplicationSceneManifest_Generation = YES;
				INFOPLIST_KEY_UIApplicationSupportsIndirectInputEvents = YES;
				INFOPLIST_KEY_UILaunchScreen_Generation = YES;
				INFOPLIST_KEY_UISupportedInterfaceOrientations = UIInterfaceOrientationPortrait;
				INFOPLIST_KEY_UISupportedInterfaceOrientations_iPad = "UIInterfaceOrientationLandscapeLeft UIInterfaceOrientationLandscapeRight UIInterfaceOrientationPortrait UIInterfaceOrientationPortraitUpsideDown";
				INFOPLIST_KEY_UIUserInterfaceStyle = Light;
				IPHONEOS_DEPLOYMENT_TARGET = 17.0;
				LD_RUNPATH_SEARCH_PATHS = (
					"$(inherited)",
					"@executable_path/Frameworks",
				);
				MARKETING_VERSION = 1.0;
				PRODUCT_BUNDLE_IDENTIFIER = com.shuto.Gitagram;
				PRODUCT_NAME = "$(TARGET_NAME)";
				SUPPORTED_PLATFORMS = "iphoneos iphonesimulator";
				SUPPORTS_MACCATALYST = NO;
				SWIFT_EMIT_LOC_STRINGS = YES;
				SWIFT_VERSION = 5.0;
				TARGETED_DEVICE_FAMILY = 1;
			};
			name = Release;
		};
/* End XCBuildConfiguration section */

/* Begin XCConfigurationList section */
		10472EDE2BDFAFBB00C179F8 /* Build configuration list for PBXProject "Gitagram" */ = {
			isa = XCConfigurationList;
			buildConfigurations = (
				10472EEF2BDFAFBD00C179F8 /* Debug */,
				10472EF02BDFAFBD00C179F8 /* Release */,
			);
			defaultConfigurationIsVisible = 0;
			defaultConfigurationName = Release;
		};
		10472EF12BDFAFBD00C179F8 /* Build configuration list for PBXNativeTarget "Gitagram" */ = {
			isa = XCConfigurationList;
			buildConfigurations = (
				10472EF22BDFAFBD00C179F8 /* Debug */,
				10472EF32BDFAFBD00C179F8 /* Release */,
			);
			defaultConfigurationIsVisible = 0;
			defaultConfigurationName = Release;
		};
/* End XCConfigurationList section */

/* Begin XCRemoteSwiftPackageReference section */
		10334A9F2C2A6AD6004364B1 /* XCRemoteSwiftPackageReference "Kingfisher" */ = {
			isa = XCRemoteSwiftPackageReference;
			repositoryURL = "https://github.com/onevcat/Kingfisher.git";
			requirement = {
				kind = upToNextMajorVersion;
				minimumVersion = 7.12.0;
			};
		};
		103BF3672BE39C3E00818544 /* XCRemoteSwiftPackageReference "firebase-ios-sdk" */ = {
			isa = XCRemoteSwiftPackageReference;
			repositoryURL = "https://github.com/firebase/firebase-ios-sdk.git";
			requirement = {
				kind = upToNextMajorVersion;
				minimumVersion = 10.25.0;
			};
		};
		728E75B02BFC4A3B003D4C93 /* XCRemoteSwiftPackageReference "lottie-ios" */ = {
			isa = XCRemoteSwiftPackageReference;
			repositoryURL = "https://github.com/airbnb/lottie-ios.git";
			requirement = {
				kind = upToNextMajorVersion;
				minimumVersion = 4.4.3;
			};
		};
/* End XCRemoteSwiftPackageReference section */

/* Begin XCSwiftPackageProductDependency section */
		10334AA02C2A6AD6004364B1 /* Kingfisher */ = {
			isa = XCSwiftPackageProductDependency;
			package = 10334A9F2C2A6AD6004364B1 /* XCRemoteSwiftPackageReference "Kingfisher" */;
			productName = Kingfisher;
		};
		103BF3682BE39C3E00818544 /* FirebaseDatabase */ = {
			isa = XCSwiftPackageProductDependency;
			package = 103BF3672BE39C3E00818544 /* XCRemoteSwiftPackageReference "firebase-ios-sdk" */;
			productName = FirebaseDatabase;
		};
		103BF36A2BE39C3E00818544 /* FirebaseDatabaseSwift */ = {
			isa = XCSwiftPackageProductDependency;
			package = 103BF3672BE39C3E00818544 /* XCRemoteSwiftPackageReference "firebase-ios-sdk" */;
			productName = FirebaseDatabaseSwift;
		};
		103BF36C2BE39C3E00818544 /* FirebaseFirestore */ = {
			isa = XCSwiftPackageProductDependency;
			package = 103BF3672BE39C3E00818544 /* XCRemoteSwiftPackageReference "firebase-ios-sdk" */;
			productName = FirebaseFirestore;
		};
		103BF36E2BE39C3E00818544 /* FirebaseFirestoreCombine-Community */ = {
			isa = XCSwiftPackageProductDependency;
			package = 103BF3672BE39C3E00818544 /* XCRemoteSwiftPackageReference "firebase-ios-sdk" */;
			productName = "FirebaseFirestoreCombine-Community";
		};
		103BF3702BE39C3E00818544 /* FirebaseFirestoreSwift */ = {
			isa = XCSwiftPackageProductDependency;
			package = 103BF3672BE39C3E00818544 /* XCRemoteSwiftPackageReference "firebase-ios-sdk" */;
			productName = FirebaseFirestoreSwift;
		};
		103BF3722BE39C3E00818544 /* FirebaseStorage */ = {
			isa = XCSwiftPackageProductDependency;
			package = 103BF3672BE39C3E00818544 /* XCRemoteSwiftPackageReference "firebase-ios-sdk" */;
			productName = FirebaseStorage;
		};
		103BF3742BE39C3E00818544 /* FirebaseStorageCombine-Community */ = {
			isa = XCSwiftPackageProductDependency;
			package = 103BF3672BE39C3E00818544 /* XCRemoteSwiftPackageReference "firebase-ios-sdk" */;
			productName = "FirebaseStorageCombine-Community";
		};
		727952EB2C214ACB00788394 /* FirebaseAuth */ = {
			isa = XCSwiftPackageProductDependency;
			package = 103BF3672BE39C3E00818544 /* XCRemoteSwiftPackageReference "firebase-ios-sdk" */;
			productName = FirebaseAuth;
		};
		727952ED2C214ACB00788394 /* FirebaseAuthCombine-Community */ = {
			isa = XCSwiftPackageProductDependency;
			package = 103BF3672BE39C3E00818544 /* XCRemoteSwiftPackageReference "firebase-ios-sdk" */;
			productName = "FirebaseAuthCombine-Community";
		};
		728E75B12BFC4A3B003D4C93 /* Lottie */ = {
			isa = XCSwiftPackageProductDependency;
			package = 728E75B02BFC4A3B003D4C93 /* XCRemoteSwiftPackageReference "lottie-ios" */;
			productName = Lottie;
		};
/* End XCSwiftPackageProductDependency section */
	};
	rootObject = 10472EDB2BDFAFBB00C179F8 /* Project object */;
}
