// !$*UTF8*$!
{
	archiveVersion = 1;
	classes = {
	};
	objectVersion = 56;
	objects = {

/* Begin PBXBuildFile section */
		103BD8CF2BE131B6005C18D7 /* Developer.swift in Sources */ = {isa = PBXBuildFile; fileRef = 103BD8CE2BE131B6005C18D7 /* Developer.swift */; };
		103BD8D12BE1CDE2005C18D7 /* Product.swift in Sources */ = {isa = PBXBuildFile; fileRef = 103BD8D02BE1CDE2005C18D7 /* Product.swift */; };
		103BF3692BE39C3E00818544 /* FirebaseDatabase in Frameworks */ = {isa = PBXBuildFile; productRef = 103BF3682BE39C3E00818544 /* FirebaseDatabase */; };
		103BF36B2BE39C3E00818544 /* FirebaseDatabaseSwift in Frameworks */ = {isa = PBXBuildFile; productRef = 103BF36A2BE39C3E00818544 /* FirebaseDatabaseSwift */; };
		103BF36D2BE39C3E00818544 /* FirebaseFirestore in Frameworks */ = {isa = PBXBuildFile; productRef = 103BF36C2BE39C3E00818544 /* FirebaseFirestore */; };
		103BF36F2BE39C3E00818544 /* FirebaseFirestoreCombine-Community in Frameworks */ = {isa = PBXBuildFile; productRef = 103BF36E2BE39C3E00818544 /* FirebaseFirestoreCombine-Community */; };
		103BF3712BE39C3E00818544 /* FirebaseFirestoreSwift in Frameworks */ = {isa = PBXBuildFile; productRef = 103BF3702BE39C3E00818544 /* FirebaseFirestoreSwift */; };
		103BF3732BE39C3E00818544 /* FirebaseStorage in Frameworks */ = {isa = PBXBuildFile; productRef = 103BF3722BE39C3E00818544 /* FirebaseStorage */; };
		103BF3752BE39C3E00818544 /* FirebaseStorageCombine-Community in Frameworks */ = {isa = PBXBuildFile; productRef = 103BF3742BE39C3E00818544 /* FirebaseStorageCombine-Community */; };
		10472EE72BDFAFBB00C179F8 /* GitagramApp.swift in Sources */ = {isa = PBXBuildFile; fileRef = 10472EE62BDFAFBB00C179F8 /* GitagramApp.swift */; };
		10472EE92BDFAFBB00C179F8 /* ContentView.swift in Sources */ = {isa = PBXBuildFile; fileRef = 10472EE82BDFAFBB00C179F8 /* ContentView.swift */; };
		10472EEB2BDFAFBD00C179F8 /* Assets.xcassets in Resources */ = {isa = PBXBuildFile; fileRef = 10472EEA2BDFAFBD00C179F8 /* Assets.xcassets */; };
		10472EEE2BDFAFBD00C179F8 /* Preview Assets.xcassets in Resources */ = {isa = PBXBuildFile; fileRef = 10472EED2BDFAFBD00C179F8 /* Preview Assets.xcassets */; };
		72C95C152BE39C51005361D0 /* CardView.swift in Sources */ = {isa = PBXBuildFile; fileRef = 72C95C142BE39C51005361D0 /* CardView.swift */; };
		72D771F02BE4037600BD7915 /* SwipeActionIndicatorView.swift in Sources */ = {isa = PBXBuildFile; fileRef = 72D771EF2BE4037600BD7915 /* SwipeActionIndicatorView.swift */; };
		72D771F22BE5DBAF00BD7915 /* SizeConstants.swift in Sources */ = {isa = PBXBuildFile; fileRef = 72D771F12BE5DBAF00BD7915 /* SizeConstants.swift */; };
		72D771F42BE5DE5700BD7915 /* CardStackView.swift in Sources */ = {isa = PBXBuildFile; fileRef = 72D771F32BE5DE5700BD7915 /* CardStackView.swift */; };
		72D771F62BE5E29D00BD7915 /* User.swift in Sources */ = {isa = PBXBuildFile; fileRef = 72D771F52BE5E29D00BD7915 /* User.swift */; };
		72D771F82BE5E35D00BD7915 /* CardModel.swift in Sources */ = {isa = PBXBuildFile; fileRef = 72D771F72BE5E35D00BD7915 /* CardModel.swift */; };
		72D771FA2BE5E3EA00BD7915 /* CardViewModel.swift in Sources */ = {isa = PBXBuildFile; fileRef = 72D771F92BE5E3EA00BD7915 /* CardViewModel.swift */; };
		72D771FC2BE5E47C00BD7915 /* CardService.swift in Sources */ = {isa = PBXBuildFile; fileRef = 72D771FB2BE5E47C00BD7915 /* CardService.swift */; };
		72D771FE2BE5E60500BD7915 /* MockData.swift in Sources */ = {isa = PBXBuildFile; fileRef = 72D771FD2BE5E60500BD7915 /* MockData.swift */; };
		72D772002BE608C400BD7915 /* SwipeActionButtonsView.swift in Sources */ = {isa = PBXBuildFile; fileRef = 72D771FF2BE608C400BD7915 /* SwipeActionButtonsView.swift */; };
		72D772022BE60C3100BD7915 /* SwipeAction.swift in Sources */ = {isa = PBXBuildFile; fileRef = 72D772012BE60C3100BD7915 /* SwipeAction.swift */; };
		72F6C2A22BE3B05F008A94B6 /* GoogleService-Info.plist in Resources */ = {isa = PBXBuildFile; fileRef = 72F6C2A12BE3B05F008A94B6 /* GoogleService-Info.plist */; };
/* End PBXBuildFile section */

/* Begin PBXFileReference section */
		103BD8CE2BE131B6005C18D7 /* Developer.swift */ = {isa = PBXFileReference; lastKnownFileType = sourcecode.swift; path = Developer.swift; sourceTree = "<group>"; };
		103BD8D02BE1CDE2005C18D7 /* Product.swift */ = {isa = PBXFileReference; lastKnownFileType = sourcecode.swift; path = Product.swift; sourceTree = "<group>"; };
		10472EE32BDFAFBB00C179F8 /* Gitagram.app */ = {isa = PBXFileReference; explicitFileType = wrapper.application; includeInIndex = 0; path = Gitagram.app; sourceTree = BUILT_PRODUCTS_DIR; };
		10472EE62BDFAFBB00C179F8 /* GitagramApp.swift */ = {isa = PBXFileReference; lastKnownFileType = sourcecode.swift; path = GitagramApp.swift; sourceTree = "<group>"; };
		10472EE82BDFAFBB00C179F8 /* ContentView.swift */ = {isa = PBXFileReference; lastKnownFileType = sourcecode.swift; path = ContentView.swift; sourceTree = "<group>"; };
		10472EEA2BDFAFBD00C179F8 /* Assets.xcassets */ = {isa = PBXFileReference; lastKnownFileType = folder.assetcatalog; path = Assets.xcassets; sourceTree = "<group>"; };
		10472EED2BDFAFBD00C179F8 /* Preview Assets.xcassets */ = {isa = PBXFileReference; lastKnownFileType = folder.assetcatalog; path = "Preview Assets.xcassets"; sourceTree = "<group>"; };
		72C95C142BE39C51005361D0 /* CardView.swift */ = {isa = PBXFileReference; lastKnownFileType = sourcecode.swift; path = CardView.swift; sourceTree = "<group>"; };
		72D771EF2BE4037600BD7915 /* SwipeActionIndicatorView.swift */ = {isa = PBXFileReference; lastKnownFileType = sourcecode.swift; path = SwipeActionIndicatorView.swift; sourceTree = "<group>"; };
		72D771F12BE5DBAF00BD7915 /* SizeConstants.swift */ = {isa = PBXFileReference; lastKnownFileType = sourcecode.swift; path = SizeConstants.swift; sourceTree = "<group>"; };
		72D771F32BE5DE5700BD7915 /* CardStackView.swift */ = {isa = PBXFileReference; lastKnownFileType = sourcecode.swift; path = CardStackView.swift; sourceTree = "<group>"; };
		72D771F52BE5E29D00BD7915 /* User.swift */ = {isa = PBXFileReference; lastKnownFileType = sourcecode.swift; path = User.swift; sourceTree = "<group>"; };
		72D771F72BE5E35D00BD7915 /* CardModel.swift */ = {isa = PBXFileReference; lastKnownFileType = sourcecode.swift; path = CardModel.swift; sourceTree = "<group>"; };
		72D771F92BE5E3EA00BD7915 /* CardViewModel.swift */ = {isa = PBXFileReference; lastKnownFileType = sourcecode.swift; path = CardViewModel.swift; sourceTree = "<group>"; };
		72D771FB2BE5E47C00BD7915 /* CardService.swift */ = {isa = PBXFileReference; lastKnownFileType = sourcecode.swift; path = CardService.swift; sourceTree = "<group>"; };
		72D771FD2BE5E60500BD7915 /* MockData.swift */ = {isa = PBXFileReference; lastKnownFileType = sourcecode.swift; path = MockData.swift; sourceTree = "<group>"; };
		72D771FF2BE608C400BD7915 /* SwipeActionButtonsView.swift */ = {isa = PBXFileReference; lastKnownFileType = sourcecode.swift; path = SwipeActionButtonsView.swift; sourceTree = "<group>"; };
		72D772012BE60C3100BD7915 /* SwipeAction.swift */ = {isa = PBXFileReference; lastKnownFileType = sourcecode.swift; path = SwipeAction.swift; sourceTree = "<group>"; };
		72F6C2A12BE3B05F008A94B6 /* GoogleService-Info.plist */ = {isa = PBXFileReference; fileEncoding = 4; lastKnownFileType = text.plist.xml; path = "GoogleService-Info.plist"; sourceTree = "<group>"; };
/* End PBXFileReference section */

/* Begin PBXFrameworksBuildPhase section */
		10472EE02BDFAFBB00C179F8 /* Frameworks */ = {
			isa = PBXFrameworksBuildPhase;
			buildActionMask = 2147483647;
			files = (
				103BF3712BE39C3E00818544 /* FirebaseFirestoreSwift in Frameworks */,
				103BF3752BE39C3E00818544 /* FirebaseStorageCombine-Community in Frameworks */,
				103BF36B2BE39C3E00818544 /* FirebaseDatabaseSwift in Frameworks */,
				103BF36F2BE39C3E00818544 /* FirebaseFirestoreCombine-Community in Frameworks */,
				103BF3692BE39C3E00818544 /* FirebaseDatabase in Frameworks */,
				103BF36D2BE39C3E00818544 /* FirebaseFirestore in Frameworks */,
				103BF3732BE39C3E00818544 /* FirebaseStorage in Frameworks */,
			);
			runOnlyForDeploymentPostprocessing = 0;
		};
/* End PBXFrameworksBuildPhase section */

/* Begin PBXGroup section */
		103BD8CD2BE12CAD005C18D7 /* DataModel */ = {
			isa = PBXGroup;
			children = (
				103BD8CE2BE131B6005C18D7 /* Developer.swift */,
				103BD8D02BE1CDE2005C18D7 /* Product.swift */,
			);
			path = DataModel;
			sourceTree = "<group>";
		};
		10472EDA2BDFAFBB00C179F8 = {
			isa = PBXGroup;
			children = (
				10472EE52BDFAFBB00C179F8 /* Gitagram */,
				10472EE42BDFAFBB00C179F8 /* Products */,
			);
			sourceTree = "<group>";
		};
		10472EE42BDFAFBB00C179F8 /* Products */ = {
			isa = PBXGroup;
			children = (
				10472EE32BDFAFBB00C179F8 /* Gitagram.app */,
			);
			name = Products;
			sourceTree = "<group>";
		};
		10472EE52BDFAFBB00C179F8 /* Gitagram */ = {
			isa = PBXGroup;
			children = (
				72F6C2A12BE3B05F008A94B6 /* GoogleService-Info.plist */,
				10472EE62BDFAFBB00C179F8 /* GitagramApp.swift */,
				10472EF52BDFAFE500C179F8 /* Model */,
				10472EF42BDFAFD700C179F8 /* View */,
				10472EEA2BDFAFBD00C179F8 /* Assets.xcassets */,
				10472EEC2BDFAFBD00C179F8 /* Preview Content */,
			);
			path = Gitagram;
			sourceTree = "<group>";
		};
		10472EEC2BDFAFBD00C179F8 /* Preview Content */ = {
			isa = PBXGroup;
			children = (
				10472EED2BDFAFBD00C179F8 /* Preview Assets.xcassets */,
			);
			path = "Preview Content";
			sourceTree = "<group>";
		};
		10472EF42BDFAFD700C179F8 /* View */ = {
			isa = PBXGroup;
			children = (
				7218DBC82BE30C02001E93CA /* Matching */,
				10472EE82BDFAFBB00C179F8 /* ContentView.swift */,
			);
			path = View;
			sourceTree = "<group>";
		};
		10472EF52BDFAFE500C179F8 /* Model */ = {
			isa = PBXGroup;
			children = (
				103BD8CD2BE12CAD005C18D7 /* DataModel */,
			);
			path = Model;
			sourceTree = "<group>";
		};
		7218DBC82BE30C02001E93CA /* Matching */ = {
			isa = PBXGroup;
			children = (
				72D772082BE6121F00BD7915 /* Utils */,
				72D772072BE611C400BD7915 /* Service */,
				72D772062BE6113C00BD7915 /* Model */,
				72D772052BE6113400BD7915 /* ViewModel */,
				72D772042BE6111F00BD7915 /* View */,
			);
			path = Matching;
			sourceTree = "<group>";
		};
		72D772042BE6111F00BD7915 /* View */ = {
			isa = PBXGroup;
			children = (
				72C95C142BE39C51005361D0 /* CardView.swift */,
				72D771EF2BE4037600BD7915 /* SwipeActionIndicatorView.swift */,
				72D771F32BE5DE5700BD7915 /* CardStackView.swift */,
				72D771FF2BE608C400BD7915 /* SwipeActionButtonsView.swift */,
			);
			path = View;
			sourceTree = "<group>";
		};
		72D772052BE6113400BD7915 /* ViewModel */ = {
			isa = PBXGroup;
			children = (
				72D771F92BE5E3EA00BD7915 /* CardViewModel.swift */,
			);
			path = ViewModel;
			sourceTree = "<group>";
		};
		72D772062BE6113C00BD7915 /* Model */ = {
			isa = PBXGroup;
			children = (
				72D771F52BE5E29D00BD7915 /* User.swift */,
				72D771F72BE5E35D00BD7915 /* CardModel.swift */,
				72D772012BE60C3100BD7915 /* SwipeAction.swift */,
			);
			path = Model;
			sourceTree = "<group>";
		};
		72D772072BE611C400BD7915 /* Service */ = {
			isa = PBXGroup;
			children = (
				72D771FB2BE5E47C00BD7915 /* CardService.swift */,
			);
			path = Service;
			sourceTree = "<group>";
		};
		72D772082BE6121F00BD7915 /* Utils */ = {
			isa = PBXGroup;
			children = (
				72D771F12BE5DBAF00BD7915 /* SizeConstants.swift */,
				72D771FD2BE5E60500BD7915 /* MockData.swift */,
			);
			path = Utils;
			sourceTree = "<group>";
		};
/* End PBXGroup section */

/* Begin PBXNativeTarget section */
		10472EE22BDFAFBB00C179F8 /* Gitagram */ = {
			isa = PBXNativeTarget;
			buildConfigurationList = 10472EF12BDFAFBD00C179F8 /* Build configuration list for PBXNativeTarget "Gitagram" */;
			buildPhases = (
				10472EDF2BDFAFBB00C179F8 /* Sources */,
				10472EE02BDFAFBB00C179F8 /* Frameworks */,
				10472EE12BDFAFBB00C179F8 /* Resources */,
			);
			buildRules = (
			);
			dependencies = (
			);
			name = Gitagram;
			packageProductDependencies = (
				103BF3682BE39C3E00818544 /* FirebaseDatabase */,
				103BF36A2BE39C3E00818544 /* FirebaseDatabaseSwift */,
				103BF36C2BE39C3E00818544 /* FirebaseFirestore */,
				103BF36E2BE39C3E00818544 /* FirebaseFirestoreCombine-Community */,
				103BF3702BE39C3E00818544 /* FirebaseFirestoreSwift */,
				103BF3722BE39C3E00818544 /* FirebaseStorage */,
				103BF3742BE39C3E00818544 /* FirebaseStorageCombine-Community */,
			);
			productName = Gitagram;
			productReference = 10472EE32BDFAFBB00C179F8 /* Gitagram.app */;
			productType = "com.apple.product-type.application";
		};
/* End PBXNativeTarget section */

/* Begin PBXProject section */
		10472EDB2BDFAFBB00C179F8 /* Project object */ = {
			isa = PBXProject;
			attributes = {
				BuildIndependentTargetsInParallel = 1;
				LastSwiftUpdateCheck = 1530;
				LastUpgradeCheck = 1530;
				TargetAttributes = {
					10472EE22BDFAFBB00C179F8 = {
						CreatedOnToolsVersion = 15.3;
					};
				};
			};
			buildConfigurationList = 10472EDE2BDFAFBB00C179F8 /* Build configuration list for PBXProject "Gitagram" */;
			compatibilityVersion = "Xcode 14.0";
			developmentRegion = en;
			hasScannedForEncodings = 0;
			knownRegions = (
				en,
				Base,
			);
			mainGroup = 10472EDA2BDFAFBB00C179F8;
			packageReferences = (
				103BF3672BE39C3E00818544 /* XCRemoteSwiftPackageReference "firebase-ios-sdk" */,
			);
			productRefGroup = 10472EE42BDFAFBB00C179F8 /* Products */;
			projectDirPath = "";
			projectRoot = "";
			targets = (
				10472EE22BDFAFBB00C179F8 /* Gitagram */,
			);
		};
/* End PBXProject section */

/* Begin PBXResourcesBuildPhase section */
		10472EE12BDFAFBB00C179F8 /* Resources */ = {
			isa = PBXResourcesBuildPhase;
			buildActionMask = 2147483647;
			files = (
				10472EEE2BDFAFBD00C179F8 /* Preview Assets.xcassets in Resources */,
				10472EEB2BDFAFBD00C179F8 /* Assets.xcassets in Resources */,
				72F6C2A22BE3B05F008A94B6 /* GoogleService-Info.plist in Resources */,
			);
			runOnlyForDeploymentPostprocessing = 0;
		};
/* End PBXResourcesBuildPhase section */

/* Begin PBXSourcesBuildPhase section */
		10472EDF2BDFAFBB00C179F8 /* Sources */ = {
			isa = PBXSourcesBuildPhase;
			buildActionMask = 2147483647;
			files = (
				103BD8CF2BE131B6005C18D7 /* Developer.swift in Sources */,
				72D771F82BE5E35D00BD7915 /* CardModel.swift in Sources */,
				72D772022BE60C3100BD7915 /* SwipeAction.swift in Sources */,
				72D771FC2BE5E47C00BD7915 /* CardService.swift in Sources */,
				103BD8D12BE1CDE2005C18D7 /* Product.swift in Sources */,
				10472EE92BDFAFBB00C179F8 /* ContentView.swift in Sources */,
				72D771FE2BE5E60500BD7915 /* MockData.swift in Sources */,
				72D772002BE608C400BD7915 /* SwipeActionButtonsView.swift in Sources */,
				72D771F42BE5DE5700BD7915 /* CardStackView.swift in Sources */,
				72C95C152BE39C51005361D0 /* CardView.swift in Sources */,
				72D771F02BE4037600BD7915 /* SwipeActionIndicatorView.swift in Sources */,
				72D771FA2BE5E3EA00BD7915 /* CardViewModel.swift in Sources */,
				72D771F22BE5DBAF00BD7915 /* SizeConstants.swift in Sources */,
				72D771F62BE5E29D00BD7915 /* User.swift in Sources */,
				10472EE72BDFAFBB00C179F8 /* GitagramApp.swift in Sources */,
			);
			runOnlyForDeploymentPostprocessing = 0;
		};
/* End PBXSourcesBuildPhase section */

/* Begin XCBuildConfiguration section */
		10472EEF2BDFAFBD00C179F8 /* Debug */ = {
			isa = XCBuildConfiguration;
			buildSettings = {
				ALWAYS_SEARCH_USER_PATHS = NO;
				ASSETCATALOG_COMPILER_GENERATE_SWIFT_ASSET_SYMBOL_EXTENSIONS = YES;
				CLANG_ANALYZER_NONNULL = YES;
				CLANG_ANALYZER_NUMBER_OBJECT_CONVERSION = YES_AGGRESSIVE;
				CLANG_CXX_LANGUAGE_STANDARD = "gnu++20";
				CLANG_ENABLE_MODULES = YES;
				CLANG_ENABLE_OBJC_ARC = YES;
				CLANG_ENABLE_OBJC_WEAK = YES;
				CLANG_WARN_BLOCK_CAPTURE_AUTORELEASING = YES;
				CLANG_WARN_BOOL_CONVERSION = YES;
				CLANG_WARN_COMMA = YES;
				CLANG_WARN_CONSTANT_CONVERSION = YES;
				CLANG_WARN_DEPRECATED_OBJC_IMPLEMENTATIONS = YES;
				CLANG_WARN_DIRECT_OBJC_ISA_USAGE = YES_ERROR;
				CLANG_WARN_DOCUMENTATION_COMMENTS = YES;
				CLANG_WARN_EMPTY_BODY = YES;
				CLANG_WARN_ENUM_CONVERSION = YES;
				CLANG_WARN_INFINITE_RECURSION = YES;
				CLANG_WARN_INT_CONVERSION = YES;
				CLANG_WARN_NON_LITERAL_NULL_CONVERSION = YES;
				CLANG_WARN_OBJC_IMPLICIT_RETAIN_SELF = YES;
				CLANG_WARN_OBJC_LITERAL_CONVERSION = YES;
				CLANG_WARN_OBJC_ROOT_CLASS = YES_ERROR;
				CLANG_WARN_QUOTED_INCLUDE_IN_FRAMEWORK_HEADER = YES;
				CLANG_WARN_RANGE_LOOP_ANALYSIS = YES;
				CLANG_WARN_STRICT_PROTOTYPES = YES;
				CLANG_WARN_SUSPICIOUS_MOVE = YES;
				CLANG_WARN_UNGUARDED_AVAILABILITY = YES_AGGRESSIVE;
				CLANG_WARN_UNREACHABLE_CODE = YES;
				CLANG_WARN__DUPLICATE_METHOD_MATCH = YES;
				COPY_PHASE_STRIP = NO;
				DEBUG_INFORMATION_FORMAT = dwarf;
				ENABLE_STRICT_OBJC_MSGSEND = YES;
				ENABLE_TESTABILITY = YES;
				ENABLE_USER_SCRIPT_SANDBOXING = YES;
				GCC_C_LANGUAGE_STANDARD = gnu17;
				GCC_DYNAMIC_NO_PIC = NO;
				GCC_NO_COMMON_BLOCKS = YES;
				GCC_OPTIMIZATION_LEVEL = 0;
				GCC_PREPROCESSOR_DEFINITIONS = (
					"DEBUG=1",
					"$(inherited)",
				);
				GCC_WARN_64_TO_32_BIT_CONVERSION = YES;
				GCC_WARN_ABOUT_RETURN_TYPE = YES_ERROR;
				GCC_WARN_UNDECLARED_SELECTOR = YES;
				GCC_WARN_UNINITIALIZED_AUTOS = YES_AGGRESSIVE;
				GCC_WARN_UNUSED_FUNCTION = YES;
				GCC_WARN_UNUSED_VARIABLE = YES;
				IPHONEOS_DEPLOYMENT_TARGET = 17.4;
				LOCALIZATION_PREFERS_STRING_CATALOGS = YES;
				MTL_ENABLE_DEBUG_INFO = INCLUDE_SOURCE;
				MTL_FAST_MATH = YES;
				ONLY_ACTIVE_ARCH = YES;
				SDKROOT = iphoneos;
				SWIFT_ACTIVE_COMPILATION_CONDITIONS = "DEBUG $(inherited)";
				SWIFT_OPTIMIZATION_LEVEL = "-Onone";
			};
			name = Debug;
		};
		10472EF02BDFAFBD00C179F8 /* Release */ = {
			isa = XCBuildConfiguration;
			buildSettings = {
				ALWAYS_SEARCH_USER_PATHS = NO;
				ASSETCATALOG_COMPILER_GENERATE_SWIFT_ASSET_SYMBOL_EXTENSIONS = YES;
				CLANG_ANALYZER_NONNULL = YES;
				CLANG_ANALYZER_NUMBER_OBJECT_CONVERSION = YES_AGGRESSIVE;
				CLANG_CXX_LANGUAGE_STANDARD = "gnu++20";
				CLANG_ENABLE_MODULES = YES;
				CLANG_ENABLE_OBJC_ARC = YES;
				CLANG_ENABLE_OBJC_WEAK = YES;
				CLANG_WARN_BLOCK_CAPTURE_AUTORELEASING = YES;
				CLANG_WARN_BOOL_CONVERSION = YES;
				CLANG_WARN_COMMA = YES;
				CLANG_WARN_CONSTANT_CONVERSION = YES;
				CLANG_WARN_DEPRECATED_OBJC_IMPLEMENTATIONS = YES;
				CLANG_WARN_DIRECT_OBJC_ISA_USAGE = YES_ERROR;
				CLANG_WARN_DOCUMENTATION_COMMENTS = YES;
				CLANG_WARN_EMPTY_BODY = YES;
				CLANG_WARN_ENUM_CONVERSION = YES;
				CLANG_WARN_INFINITE_RECURSION = YES;
				CLANG_WARN_INT_CONVERSION = YES;
				CLANG_WARN_NON_LITERAL_NULL_CONVERSION = YES;
				CLANG_WARN_OBJC_IMPLICIT_RETAIN_SELF = YES;
				CLANG_WARN_OBJC_LITERAL_CONVERSION = YES;
				CLANG_WARN_OBJC_ROOT_CLASS = YES_ERROR;
				CLANG_WARN_QUOTED_INCLUDE_IN_FRAMEWORK_HEADER = YES;
				CLANG_WARN_RANGE_LOOP_ANALYSIS = YES;
				CLANG_WARN_STRICT_PROTOTYPES = YES;
				CLANG_WARN_SUSPICIOUS_MOVE = YES;
				CLANG_WARN_UNGUARDED_AVAILABILITY = YES_AGGRESSIVE;
				CLANG_WARN_UNREACHABLE_CODE = YES;
				CLANG_WARN__DUPLICATE_METHOD_MATCH = YES;
				COPY_PHASE_STRIP = NO;
				DEBUG_INFORMATION_FORMAT = "dwarf-with-dsym";
				ENABLE_NS_ASSERTIONS = NO;
				ENABLE_STRICT_OBJC_MSGSEND = YES;
				ENABLE_USER_SCRIPT_SANDBOXING = YES;
				GCC_C_LANGUAGE_STANDARD = gnu17;
				GCC_NO_COMMON_BLOCKS = YES;
				GCC_WARN_64_TO_32_BIT_CONVERSION = YES;
				GCC_WARN_ABOUT_RETURN_TYPE = YES_ERROR;
				GCC_WARN_UNDECLARED_SELECTOR = YES;
				GCC_WARN_UNINITIALIZED_AUTOS = YES_AGGRESSIVE;
				GCC_WARN_UNUSED_FUNCTION = YES;
				GCC_WARN_UNUSED_VARIABLE = YES;
				IPHONEOS_DEPLOYMENT_TARGET = 17.4;
				LOCALIZATION_PREFERS_STRING_CATALOGS = YES;
				MTL_ENABLE_DEBUG_INFO = NO;
				MTL_FAST_MATH = YES;
				SDKROOT = iphoneos;
				SWIFT_COMPILATION_MODE = wholemodule;
				VALIDATE_PRODUCT = YES;
			};
			name = Release;
		};
		10472EF22BDFAFBD00C179F8 /* Debug */ = {
			isa = XCBuildConfiguration;
			buildSettings = {
				ASSETCATALOG_COMPILER_APPICON_NAME = AppIcon;
				ASSETCATALOG_COMPILER_GLOBAL_ACCENT_COLOR_NAME = AccentColor;
				CODE_SIGN_STYLE = Automatic;
				CURRENT_PROJECT_VERSION = 1;
				DEVELOPMENT_ASSET_PATHS = "\"Gitagram/Preview Content\"";
				DEVELOPMENT_TEAM = TVH687AC7F;
				ENABLE_PREVIEWS = YES;
				GENERATE_INFOPLIST_FILE = YES;
				INFOPLIST_KEY_UIApplicationSceneManifest_Generation = YES;
				INFOPLIST_KEY_UIApplicationSupportsIndirectInputEvents = YES;
				INFOPLIST_KEY_UILaunchScreen_Generation = YES;
				INFOPLIST_KEY_UISupportedInterfaceOrientations_iPad = "UIInterfaceOrientationPortrait UIInterfaceOrientationPortraitUpsideDown UIInterfaceOrientationLandscapeLeft UIInterfaceOrientationLandscapeRight";
				INFOPLIST_KEY_UISupportedInterfaceOrientations_iPhone = "UIInterfaceOrientationPortrait UIInterfaceOrientationLandscapeLeft UIInterfaceOrientationLandscapeRight";
				LD_RUNPATH_SEARCH_PATHS = (
					"$(inherited)",
					"@executable_path/Frameworks",
				);
				MARKETING_VERSION = 1.0;
				PRODUCT_BUNDLE_IDENTIFIER = com.shuto.Gitagram;
				PRODUCT_NAME = "$(TARGET_NAME)";
				SWIFT_EMIT_LOC_STRINGS = YES;
				SWIFT_VERSION = 5.0;
				TARGETED_DEVICE_FAMILY = "1,2";
			};
			name = Debug;
		};
		10472EF32BDFAFBD00C179F8 /* Release */ = {
			isa = XCBuildConfiguration;
			buildSettings = {
				ASSETCATALOG_COMPILER_APPICON_NAME = AppIcon;
				ASSETCATALOG_COMPILER_GLOBAL_ACCENT_COLOR_NAME = AccentColor;
				CODE_SIGN_STYLE = Automatic;
				CURRENT_PROJECT_VERSION = 1;
				DEVELOPMENT_ASSET_PATHS = "\"Gitagram/Preview Content\"";
				DEVELOPMENT_TEAM = TVH687AC7F;
				ENABLE_PREVIEWS = YES;
				GENERATE_INFOPLIST_FILE = YES;
				INFOPLIST_KEY_UIApplicationSceneManifest_Generation = YES;
				INFOPLIST_KEY_UIApplicationSupportsIndirectInputEvents = YES;
				INFOPLIST_KEY_UILaunchScreen_Generation = YES;
				INFOPLIST_KEY_UISupportedInterfaceOrientations_iPad = "UIInterfaceOrientationPortrait UIInterfaceOrientationPortraitUpsideDown UIInterfaceOrientationLandscapeLeft UIInterfaceOrientationLandscapeRight";
				INFOPLIST_KEY_UISupportedInterfaceOrientations_iPhone = "UIInterfaceOrientationPortrait UIInterfaceOrientationLandscapeLeft UIInterfaceOrientationLandscapeRight";
				LD_RUNPATH_SEARCH_PATHS = (
					"$(inherited)",
					"@executable_path/Frameworks",
				);
				MARKETING_VERSION = 1.0;
				PRODUCT_BUNDLE_IDENTIFIER = com.shuto.Gitagram;
				PRODUCT_NAME = "$(TARGET_NAME)";
				SWIFT_EMIT_LOC_STRINGS = YES;
				SWIFT_VERSION = 5.0;
				TARGETED_DEVICE_FAMILY = "1,2";
			};
			name = Release;
		};
/* End XCBuildConfiguration section */

/* Begin XCConfigurationList section */
		10472EDE2BDFAFBB00C179F8 /* Build configuration list for PBXProject "Gitagram" */ = {
			isa = XCConfigurationList;
			buildConfigurations = (
				10472EEF2BDFAFBD00C179F8 /* Debug */,
				10472EF02BDFAFBD00C179F8 /* Release */,
			);
			defaultConfigurationIsVisible = 0;
			defaultConfigurationName = Release;
		};
		10472EF12BDFAFBD00C179F8 /* Build configuration list for PBXNativeTarget "Gitagram" */ = {
			isa = XCConfigurationList;
			buildConfigurations = (
				10472EF22BDFAFBD00C179F8 /* Debug */,
				10472EF32BDFAFBD00C179F8 /* Release */,
			);
			defaultConfigurationIsVisible = 0;
			defaultConfigurationName = Release;
		};
/* End XCConfigurationList section */

/* Begin XCRemoteSwiftPackageReference section */
		103BF3672BE39C3E00818544 /* XCRemoteSwiftPackageReference "firebase-ios-sdk" */ = {
			isa = XCRemoteSwiftPackageReference;
			repositoryURL = "https://github.com/firebase/firebase-ios-sdk.git";
			requirement = {
				kind = upToNextMajorVersion;
				minimumVersion = 10.25.0;
			};
		};
/* End XCRemoteSwiftPackageReference section */

/* Begin XCSwiftPackageProductDependency section */
		103BF3682BE39C3E00818544 /* FirebaseDatabase */ = {
			isa = XCSwiftPackageProductDependency;
			package = 103BF3672BE39C3E00818544 /* XCRemoteSwiftPackageReference "firebase-ios-sdk" */;
			productName = FirebaseDatabase;
		};
		103BF36A2BE39C3E00818544 /* FirebaseDatabaseSwift */ = {
			isa = XCSwiftPackageProductDependency;
			package = 103BF3672BE39C3E00818544 /* XCRemoteSwiftPackageReference "firebase-ios-sdk" */;
			productName = FirebaseDatabaseSwift;
		};
		103BF36C2BE39C3E00818544 /* FirebaseFirestore */ = {
			isa = XCSwiftPackageProductDependency;
			package = 103BF3672BE39C3E00818544 /* XCRemoteSwiftPackageReference "firebase-ios-sdk" */;
			productName = FirebaseFirestore;
		};
		103BF36E2BE39C3E00818544 /* FirebaseFirestoreCombine-Community */ = {
			isa = XCSwiftPackageProductDependency;
			package = 103BF3672BE39C3E00818544 /* XCRemoteSwiftPackageReference "firebase-ios-sdk" */;
			productName = "FirebaseFirestoreCombine-Community";
		};
		103BF3702BE39C3E00818544 /* FirebaseFirestoreSwift */ = {
			isa = XCSwiftPackageProductDependency;
			package = 103BF3672BE39C3E00818544 /* XCRemoteSwiftPackageReference "firebase-ios-sdk" */;
			productName = FirebaseFirestoreSwift;
		};
		103BF3722BE39C3E00818544 /* FirebaseStorage */ = {
			isa = XCSwiftPackageProductDependency;
			package = 103BF3672BE39C3E00818544 /* XCRemoteSwiftPackageReference "firebase-ios-sdk" */;
			productName = FirebaseStorage;
		};
		103BF3742BE39C3E00818544 /* FirebaseStorageCombine-Community */ = {
			isa = XCSwiftPackageProductDependency;
			package = 103BF3672BE39C3E00818544 /* XCRemoteSwiftPackageReference "firebase-ios-sdk" */;
			productName = "FirebaseStorageCombine-Community";
		};
/* End XCSwiftPackageProductDependency section */
	};
	rootObject = 10472EDB2BDFAFBB00C179F8 /* Project object */;
}
